// !$*UTF8*$!
{
	archiveVersion = 1;
	classes = {
	};
	objectVersion = 46;
	objects = {

/* Begin PBXBuildFile section */
		7FED142E17D78C0E00F66AD1 /* UIKit.framework in Frameworks */ = {isa = PBXBuildFile; fileRef = 7FED142D17D78C0E00F66AD1 /* UIKit.framework */; };
		7FED143017D78C0E00F66AD1 /* Foundation.framework in Frameworks */ = {isa = PBXBuildFile; fileRef = 7FED142F17D78C0E00F66AD1 /* Foundation.framework */; };
		7FED143217D78C0E00F66AD1 /* CoreGraphics.framework in Frameworks */ = {isa = PBXBuildFile; fileRef = 7FED143117D78C0E00F66AD1 /* CoreGraphics.framework */; };
		7FED143817D78C0E00F66AD1 /* InfoPlist.strings in Resources */ = {isa = PBXBuildFile; fileRef = 7FED143617D78C0E00F66AD1 /* InfoPlist.strings */; };
		7FED143A17D78C0E00F66AD1 /* main.m in Sources */ = {isa = PBXBuildFile; fileRef = 7FED143917D78C0E00F66AD1 /* main.m */; };
		7FED143E17D78C0E00F66AD1 /* BtnFunAppDelegate.m in Sources */ = {isa = PBXBuildFile; fileRef = 7FED143D17D78C0E00F66AD1 /* BtnFunAppDelegate.m */; };
		7FED144017D78C0E00F66AD1 /* Default.png in Resources */ = {isa = PBXBuildFile; fileRef = 7FED143F17D78C0E00F66AD1 /* Default.png */; };
		7FED144217D78C0E00F66AD1 /* Default@2x.png in Resources */ = {isa = PBXBuildFile; fileRef = 7FED144117D78C0E00F66AD1 /* Default@2x.png */; };
		7FED144417D78C0E00F66AD1 /* Default-568h@2x.png in Resources */ = {isa = PBXBuildFile; fileRef = 7FED144317D78C0E00F66AD1 /* Default-568h@2x.png */; };
		7FED144717D78C0E00F66AD1 /* BtnFunViewController.m in Sources */ = {isa = PBXBuildFile; fileRef = 7FED144617D78C0E00F66AD1 /* BtnFunViewController.m */; };
		7FED144A17D78C0E00F66AD1 /* BtnFunViewController.xib in Resources */ = {isa = PBXBuildFile; fileRef = 7FED144817D78C0E00F66AD1 /* BtnFunViewController.xib */; };
/* End PBXBuildFile section */

/* Begin PBXFileReference section */
		7FED142A17D78C0E00F66AD1 /* ButtonFun.app */ = {isa = PBXFileReference; explicitFileType = wrapper.application; includeInIndex = 0; path = ButtonFun.app; sourceTree = BUILT_PRODUCTS_DIR; };
		7FED142D17D78C0E00F66AD1 /* UIKit.framework */ = {isa = PBXFileReference; lastKnownFileType = wrapper.framework; name = UIKit.framework; path = System/Library/Frameworks/UIKit.framework; sourceTree = SDKROOT; };
		7FED142F17D78C0E00F66AD1 /* Foundation.framework */ = {isa = PBXFileReference; lastKnownFileType = wrapper.framework; name = Foundation.framework; path = System/Library/Frameworks/Foundation.framework; sourceTree = SDKROOT; };
		7FED143117D78C0E00F66AD1 /* CoreGraphics.framework */ = {isa = PBXFileReference; lastKnownFileType = wrapper.framework; name = CoreGraphics.framework; path = System/Library/Frameworks/CoreGraphics.framework; sourceTree = SDKROOT; };
		7FED143517D78C0E00F66AD1 /* ButtonFun-Info.plist */ = {isa = PBXFileReference; lastKnownFileType = text.plist.xml; path = "ButtonFun-Info.plist"; sourceTree = "<group>"; };
		7FED143717D78C0E00F66AD1 /* en */ = {isa = PBXFileReference; lastKnownFileType = text.plist.strings; name = en; path = en.lproj/InfoPlist.strings; sourceTree = "<group>"; };
		7FED143917D78C0E00F66AD1 /* main.m */ = {isa = PBXFileReference; lastKnownFileType = sourcecode.c.objc; path = main.m; sourceTree = "<group>"; };
		7FED143B17D78C0E00F66AD1 /* ButtonFun-Prefix.pch */ = {isa = PBXFileReference; lastKnownFileType = sourcecode.c.h; path = "ButtonFun-Prefix.pch"; sourceTree = "<group>"; };
		7FED143C17D78C0E00F66AD1 /* BtnFunAppDelegate.h */ = {isa = PBXFileReference; lastKnownFileType = sourcecode.c.h; path = BtnFunAppDelegate.h; sourceTree = "<group>"; };
		7FED143D17D78C0E00F66AD1 /* BtnFunAppDelegate.m */ = {isa = PBXFileReference; lastKnownFileType = sourcecode.c.objc; path = BtnFunAppDelegate.m; sourceTree = "<group>"; };
		7FED143F17D78C0E00F66AD1 /* Default.png */ = {isa = PBXFileReference; lastKnownFileType = image.png; path = Default.png; sourceTree = "<group>"; };
		7FED144117D78C0E00F66AD1 /* Default@2x.png */ = {isa = PBXFileReference; lastKnownFileType = image.png; path = "Default@2x.png"; sourceTree = "<group>"; };
		7FED144317D78C0E00F66AD1 /* Default-568h@2x.png */ = {isa = PBXFileReference; lastKnownFileType = image.png; path = "Default-568h@2x.png"; sourceTree = "<group>"; };
		7FED144517D78C0E00F66AD1 /* BtnFunViewController.h */ = {isa = PBXFileReference; lastKnownFileType = sourcecode.c.h; path = BtnFunViewController.h; sourceTree = "<group>"; };
		7FED144617D78C0E00F66AD1 /* BtnFunViewController.m */ = {isa = PBXFileReference; lastKnownFileType = sourcecode.c.objc; path = BtnFunViewController.m; sourceTree = "<group>"; };
		7FED144917D78C0E00F66AD1 /* en */ = {isa = PBXFileReference; lastKnownFileType = file.xib; name = en; path = en.lproj/BtnFunViewController.xib; sourceTree = "<group>"; };
/* End PBXFileReference section */

/* Begin PBXFrameworksBuildPhase section */
		7FED142717D78C0E00F66AD1 /* Frameworks */ = {
			isa = PBXFrameworksBuildPhase;
			buildActionMask = 2147483647;
			files = (
				7FED142E17D78C0E00F66AD1 /* UIKit.framework in Frameworks */,
				7FED143017D78C0E00F66AD1 /* Foundation.framework in Frameworks */,
				7FED143217D78C0E00F66AD1 /* CoreGraphics.framework in Frameworks */,
			);
			runOnlyForDeploymentPostprocessing = 0;
		};
/* End PBXFrameworksBuildPhase section */

/* Begin PBXGroup section */
		7FED142117D78C0E00F66AD1 = {
			isa = PBXGroup;
			children = (
				7FED143317D78C0E00F66AD1 /* ButtonFun */,
				7FED142C17D78C0E00F66AD1 /* Frameworks */,
				7FED142B17D78C0E00F66AD1 /* Products */,
			);
			sourceTree = "<group>";
		};
		7FED142B17D78C0E00F66AD1 /* Products */ = {
			isa = PBXGroup;
			children = (
				7FED142A17D78C0E00F66AD1 /* ButtonFun.app */,
			);
			name = Products;
			sourceTree = "<group>";
		};
		7FED142C17D78C0E00F66AD1 /* Frameworks */ = {
			isa = PBXGroup;
			children = (
				7FED142D17D78C0E00F66AD1 /* UIKit.framework */,
				7FED142F17D78C0E00F66AD1 /* Foundation.framework */,
				7FED143117D78C0E00F66AD1 /* CoreGraphics.framework */,
			);
			name = Frameworks;
			sourceTree = "<group>";
		};
		7FED143317D78C0E00F66AD1 /* ButtonFun */ = {
			isa = PBXGroup;
			children = (
				7FED143C17D78C0E00F66AD1 /* BtnFunAppDelegate.h */,
				7FED143D17D78C0E00F66AD1 /* BtnFunAppDelegate.m */,
				7FED144517D78C0E00F66AD1 /* BtnFunViewController.h */,
				7FED144617D78C0E00F66AD1 /* BtnFunViewController.m */,
				7FED144817D78C0E00F66AD1 /* BtnFunViewController.xib */,
				7FED143417D78C0E00F66AD1 /* Supporting Files */,
			);
			path = ButtonFun;
			sourceTree = "<group>";
		};
		7FED143417D78C0E00F66AD1 /* Supporting Files */ = {
			isa = PBXGroup;
			children = (
				7FED143517D78C0E00F66AD1 /* ButtonFun-Info.plist */,
				7FED143617D78C0E00F66AD1 /* InfoPlist.strings */,
				7FED143917D78C0E00F66AD1 /* main.m */,
				7FED143B17D78C0E00F66AD1 /* ButtonFun-Prefix.pch */,
				7FED143F17D78C0E00F66AD1 /* Default.png */,
				7FED144117D78C0E00F66AD1 /* Default@2x.png */,
				7FED144317D78C0E00F66AD1 /* Default-568h@2x.png */,
			);
			name = "Supporting Files";
			sourceTree = "<group>";
		};
/* End PBXGroup section */

/* Begin PBXNativeTarget section */
		7FED142917D78C0E00F66AD1 /* ButtonFun */ = {
			isa = PBXNativeTarget;
			buildConfigurationList = 7FED144D17D78C0E00F66AD1 /* Build configuration list for PBXNativeTarget "ButtonFun" */;
			buildPhases = (
				7FED142617D78C0E00F66AD1 /* Sources */,
				7FED142717D78C0E00F66AD1 /* Frameworks */,
				7FED142817D78C0E00F66AD1 /* Resources */,
			);
			buildRules = (
			);
			dependencies = (
			);
			name = ButtonFun;
			productName = ButtonFun;
			productReference = 7FED142A17D78C0E00F66AD1 /* ButtonFun.app */;
			productType = "com.apple.product-type.application";
		};
/* End PBXNativeTarget section */

/* Begin PBXProject section */
		7FED142217D78C0E00F66AD1 /* Project object */ = {
			isa = PBXProject;
			attributes = {
				CLASSPREFIX = BtnFun;
				LastUpgradeCheck = 0460;
				ORGANIZATIONNAME = Jerry.li;
			};
			buildConfigurationList = 7FED142517D78C0E00F66AD1 /* Build configuration list for PBXProject "ButtonFun" */;
			compatibilityVersion = "Xcode 3.2";
			developmentRegion = English;
			hasScannedForEncodings = 0;
			knownRegions = (
				en,
			);
			mainGroup = 7FED142117D78C0E00F66AD1;
			productRefGroup = 7FED142B17D78C0E00F66AD1 /* Products */;
			projectDirPath = "";
			projectRoot = "";
			targets = (
				7FED142917D78C0E00F66AD1 /* ButtonFun */,
			);
		};
/* End PBXProject section */

/* Begin PBXResourcesBuildPhase section */
		7FED142817D78C0E00F66AD1 /* Resources */ = {
			isa = PBXResourcesBuildPhase;
			buildActionMask = 2147483647;
			files = (
				7FED143817D78C0E00F66AD1 /* InfoPlist.strings in Resources */,
				7FED144017D78C0E00F66AD1 /* Default.png in Resources */,
				7FED144217D78C0E00F66AD1 /* Default@2x.png in Resources */,
				7FED144417D78C0E00F66AD1 /* Default-568h@2x.png in Resources */,
				7FED144A17D78C0E00F66AD1 /* BtnFunViewController.xib in Resources */,
			);
			runOnlyForDeploymentPostprocessing = 0;
		};
/* End PBXResourcesBuildPhase section */

/* Begin PBXSourcesBuildPhase section */
		7FED142617D78C0E00F66AD1 /* Sources */ = {
			isa = PBXSourcesBuildPhase;
			buildActionMask = 2147483647;
			files = (
				7FED143A17D78C0E00F66AD1 /* main.m in Sources */,
				7FED143E17D78C0E00F66AD1 /* BtnFunAppDelegate.m in Sources */,
				7FED144717D78C0E00F66AD1 /* BtnFunViewController.m in Sources */,
			);
			runOnlyForDeploymentPostprocessing = 0;
		};
/* End PBXSourcesBuildPhase section */

/* Begin PBXVariantGroup section */
		7FED143617D78C0E00F66AD1 /* InfoPlist.strings */ = {
			isa = PBXVariantGroup;
			children = (
				7FED143717D78C0E00F66AD1 /* en */,
			);
			name = InfoPlist.strings;
			sourceTree = "<group>";
		};
		7FED144817D78C0E00F66AD1 /* BtnFunViewController.xib */ = {
			isa = PBXVariantGroup;
			children = (
				7FED144917D78C0E00F66AD1 /* en */,
			);
			name = BtnFunViewController.xib;
			sourceTree = "<group>";
		};
/* End PBXVariantGroup section */

/* Begin XCBuildConfiguration section */
		7FED144B17D78C0E00F66AD1 /* Debug */ = {
			isa = XCBuildConfiguration;
			buildSettings = {
				ALWAYS_SEARCH_USER_PATHS = NO;
				CLANG_CXX_LANGUAGE_STANDARD = "gnu++0x";
				CLANG_CXX_LIBRARY = "libc++";
				CLANG_ENABLE_OBJC_ARC = YES;
				CLANG_WARN_CONSTANT_CONVERSION = YES;
				CLANG_WARN_EMPTY_BODY = YES;
				CLANG_WARN_ENUM_CONVERSION = YES;
				CLANG_WARN_INT_CONVERSION = YES;
				CLANG_WARN__DUPLICATE_METHOD_MATCH = YES;
				"CODE_SIGN_IDENTITY[sdk=iphoneos*]" = "iPhone Developer";
				COPY_PHASE_STRIP = NO;
				GCC_C_LANGUAGE_STANDARD = gnu99;
				GCC_DYNAMIC_NO_PIC = NO;
				GCC_OPTIMIZATION_LEVEL = 0;
				GCC_PREPROCESSOR_DEFINITIONS = (
					"DEBUG=1",
					"$(inherited)",
				);
				GCC_SYMBOLS_PRIVATE_EXTERN = NO;
				GCC_WARN_ABOUT_RETURN_TYPE = YES;
				GCC_WARN_UNINITIALIZED_AUTOS = YES;
				GCC_WARN_UNUSED_VARIABLE = YES;
				IPHONEOS_DEPLOYMENT_TARGET = 6.1;
				ONLY_ACTIVE_ARCH = YES;
				SDKROOT = iphoneos;
			};
			name = Debug;
		};
		7FED144C17D78C0E00F66AD1 /* Release */ = {
			isa = XCBuildConfiguration;
			buildSettings = {
				ALWAYS_SEARCH_USER_PATHS = NO;
				CLANG_CXX_LANGUAGE_STANDARD = "gnu++0x";
				CLANG_CXX_LIBRARY = "libc++";
				CLANG_ENABLE_OBJC_ARC = YES;
				CLANG_WARN_CONSTANT_CONVERSION = YES;
				CLANG_WARN_EMPTY_BODY = YES;
				CLANG_WARN_ENUM_CONVERSION = YES;
				CLANG_WARN_INT_CONVERSION = YES;
				CLANG_WARN__DUPLICATE_METHOD_MATCH = YES;
				"CODE_SIGN_IDENTITY[sdk=iphoneos*]" = "iPhone Developer";
				COPY_PHASE_STRIP = YES;
				GCC_C_LANGUAGE_STANDARD = gnu99;
				GCC_WARN_ABOUT_RETURN_TYPE = YES;
				GCC_WARN_UNINITIALIZED_AUTOS = YES;
				GCC_WARN_UNUSED_VARIABLE = YES;
				IPHONEOS_DEPLOYMENT_TARGET = 6.1;
				OTHER_CFLAGS = "-DNS_BLOCK_ASSERTIONS=1";
				SDKROOT = iphoneos;
				VALIDATE_PRODUCT = YES;
			};
			name = Release;
		};
		7FED144E17D78C0E00F66AD1 /* Debug */ = {
			isa = XCBuildConfiguration;
			buildSettings = {
				GCC_PRECOMPILE_PREFIX_HEADER = YES;
				GCC_PREFIX_HEADER = "ButtonFun/ButtonFun-Prefix.pch";
				INFOPLIST_FILE = "ButtonFun/ButtonFun-Info.plist";
				PRODUCT_NAME = "$(TARGET_NAME)";
				WRAPPER_EXTENSION = app;
			};
			name = Debug;
		};
		7FED144F17D78C0E00F66AD1 /* Release */ = {
			isa = XCBuildConfiguration;
			buildSettings = {
				GCC_PRECOMPILE_PREFIX_HEADER = YES;
				GCC_PREFIX_HEADER = "ButtonFun/ButtonFun-Prefix.pch";
				INFOPLIST_FILE = "ButtonFun/ButtonFun-Info.plist";
				PRODUCT_NAME = "$(TARGET_NAME)";
				WRAPPER_EXTENSION = app;
			};
			name = Release;
		};
/* End XCBuildConfiguration section */

/* Begin XCConfigurationList section */
		7FED142517D78C0E00F66AD1 /* Build configuration list for PBXProject "ButtonFun" */ = {
			isa = XCConfigurationList;
			buildConfigurations = (
				7FED144B17D78C0E00F66AD1 /* Debug */,
				7FED144C17D78C0E00F66AD1 /* Release */,
			);
			defaultConfigurationIsVisible = 0;
			defaultConfigurationName = Release;
		};
		7FED144D17D78C0E00F66AD1 /* Build configuration list for PBXNativeTarget "ButtonFun" */ = {
			isa = XCConfigurationList;
			buildConfigurations = (
				7FED144E17D78C0E00F66AD1 /* Debug */,
				7FED144F17D78C0E00F66AD1 /* Release */,
			);
			defaultConfigurationIsVisible = 0;
		};
/* End XCConfigurationList section */
	};
	rootObject = 7FED142217D78C0E00F66AD1 /* Project object */;
}
