// !$*UTF8*$!
{
	archiveVersion = 1;
	classes = {
	};
	objectVersion = 46;
	objects = {

/* Begin PBXBuildFile section */
		37D25DC41816152D009E844D /* Foundation.framework in Frameworks */ = {isa = PBXBuildFile; fileRef = 37D25DC31816152D009E844D /* Foundation.framework */; };
		37D25DC61816152D009E844D /* CoreGraphics.framework in Frameworks */ = {isa = PBXBuildFile; fileRef = 37D25DC51816152D009E844D /* CoreGraphics.framework */; };
		37D25DC81816152D009E844D /* UIKit.framework in Frameworks */ = {isa = PBXBuildFile; fileRef = 37D25DC71816152D009E844D /* UIKit.framework */; };
		37D25DCE1816152D009E844D /* InfoPlist.strings in Resources */ = {isa = PBXBuildFile; fileRef = 37D25DCC1816152D009E844D /* InfoPlist.strings */; };
		37D25DD01816152D009E844D /* main.m in Sources */ = {isa = PBXBuildFile; fileRef = 37D25DCF1816152D009E844D /* main.m */; };
		37D25DD41816152D009E844D /* AppDelegate.m in Sources */ = {isa = PBXBuildFile; fileRef = 37D25DD31816152D009E844D /* AppDelegate.m */; };
		37D25DD71816152D009E844D /* Main.storyboard in Resources */ = {isa = PBXBuildFile; fileRef = 37D25DD51816152D009E844D /* Main.storyboard */; };
		37D25DDA1816152D009E844D /* ViewController.m in Sources */ = {isa = PBXBuildFile; fileRef = 37D25DD91816152D009E844D /* ViewController.m */; };
		37D25DDC1816152D009E844D /* Images.xcassets in Resources */ = {isa = PBXBuildFile; fileRef = 37D25DDB1816152D009E844D /* Images.xcassets */; };
		37D25DE31816152E009E844D /* XCTest.framework in Frameworks */ = {isa = PBXBuildFile; fileRef = 37D25DE21816152E009E844D /* XCTest.framework */; };
		37D25DE41816152E009E844D /* Foundation.framework in Frameworks */ = {isa = PBXBuildFile; fileRef = 37D25DC31816152D009E844D /* Foundation.framework */; };
		37D25DE51816152E009E844D /* UIKit.framework in Frameworks */ = {isa = PBXBuildFile; fileRef = 37D25DC71816152D009E844D /* UIKit.framework */; };
		37D25DED1816152E009E844D /* InfoPlist.strings in Resources */ = {isa = PBXBuildFile; fileRef = 37D25DEB1816152E009E844D /* InfoPlist.strings */; };
		37D25DEF1816152E009E844D /* RayDynamicsPlaygroundTests.m in Sources */ = {isa = PBXBuildFile; fileRef = 37D25DEE1816152E009E844D /* RayDynamicsPlaygroundTests.m */; };
/* End PBXBuildFile section */

/* Begin PBXContainerItemProxy section */
		37D25DE61816152E009E844D /* PBXContainerItemProxy */ = {
			isa = PBXContainerItemProxy;
			containerPortal = 37D25DB81816152D009E844D /* Project object */;
			proxyType = 1;
			remoteGlobalIDString = 37D25DBF1816152D009E844D;
			remoteInfo = RayDynamicsPlayground;
		};
/* End PBXContainerItemProxy section */

/* Begin PBXFileReference section */
		37D25DC01816152D009E844D /* RayDynamicsPlayground.app */ = {isa = PBXFileReference; explicitFileType = wrapper.application; includeInIndex = 0; path = RayDynamicsPlayground.app; sourceTree = BUILT_PRODUCTS_DIR; };
		37D25DC31816152D009E844D /* Foundation.framework */ = {isa = PBXFileReference; lastKnownFileType = wrapper.framework; name = Foundation.framework; path = System/Library/Frameworks/Foundation.framework; sourceTree = SDKROOT; };
		37D25DC51816152D009E844D /* CoreGraphics.framework */ = {isa = PBXFileReference; lastKnownFileType = wrapper.framework; name = CoreGraphics.framework; path = System/Library/Frameworks/CoreGraphics.framework; sourceTree = SDKROOT; };
		37D25DC71816152D009E844D /* UIKit.framework */ = {isa = PBXFileReference; lastKnownFileType = wrapper.framework; name = UIKit.framework; path = System/Library/Frameworks/UIKit.framework; sourceTree = SDKROOT; };
		37D25DCB1816152D009E844D /* RayDynamicsPlayground-Info.plist */ = {isa = PBXFileReference; lastKnownFileType = text.plist.xml; path = "RayDynamicsPlayground-Info.plist"; sourceTree = "<group>"; };
		37D25DCD1816152D009E844D /* en */ = {isa = PBXFileReference; lastKnownFileType = text.plist.strings; name = en; path = en.lproj/InfoPlist.strings; sourceTree = "<group>"; };
		37D25DCF1816152D009E844D /* main.m */ = {isa = PBXFileReference; lastKnownFileType = sourcecode.c.objc; path = main.m; sourceTree = "<group>"; };
		37D25DD11816152D009E844D /* RayDynamicsPlayground-Prefix.pch */ = {isa = PBXFileReference; lastKnownFileType = sourcecode.c.h; path = "RayDynamicsPlayground-Prefix.pch"; sourceTree = "<group>"; };
		37D25DD21816152D009E844D /* AppDelegate.h */ = {isa = PBXFileReference; lastKnownFileType = sourcecode.c.h; path = AppDelegate.h; sourceTree = "<group>"; };
		37D25DD31816152D009E844D /* AppDelegate.m */ = {isa = PBXFileReference; lastKnownFileType = sourcecode.c.objc; path = AppDelegate.m; sourceTree = "<group>"; };
		37D25DD61816152D009E844D /* Base */ = {isa = PBXFileReference; lastKnownFileType = file.storyboard; name = Base; path = Base.lproj/Main.storyboard; sourceTree = "<group>"; };
		37D25DD81816152D009E844D /* ViewController.h */ = {isa = PBXFileReference; lastKnownFileType = sourcecode.c.h; path = ViewController.h; sourceTree = "<group>"; };
		37D25DD91816152D009E844D /* ViewController.m */ = {isa = PBXFileReference; lastKnownFileType = sourcecode.c.objc; path = ViewController.m; sourceTree = "<group>"; };
		37D25DDB1816152D009E844D /* Images.xcassets */ = {isa = PBXFileReference; lastKnownFileType = folder.assetcatalog; path = Images.xcassets; sourceTree = "<group>"; };
		37D25DE11816152E009E844D /* RayDynamicsPlaygroundTests.xctest */ = {isa = PBXFileReference; explicitFileType = wrapper.cfbundle; includeInIndex = 0; path = RayDynamicsPlaygroundTests.xctest; sourceTree = BUILT_PRODUCTS_DIR; };
		37D25DE21816152E009E844D /* XCTest.framework */ = {isa = PBXFileReference; lastKnownFileType = wrapper.framework; name = XCTest.framework; path = Library/Frameworks/XCTest.framework; sourceTree = DEVELOPER_DIR; };
		37D25DEA1816152E009E844D /* RayDynamicsPlaygroundTests-Info.plist */ = {isa = PBXFileReference; lastKnownFileType = text.plist.xml; path = "RayDynamicsPlaygroundTests-Info.plist"; sourceTree = "<group>"; };
		37D25DEC1816152E009E844D /* en */ = {isa = PBXFileReference; lastKnownFileType = text.plist.strings; name = en; path = en.lproj/InfoPlist.strings; sourceTree = "<group>"; };
		37D25DEE1816152E009E844D /* RayDynamicsPlaygroundTests.m */ = {isa = PBXFileReference; lastKnownFileType = sourcecode.c.objc; path = RayDynamicsPlaygroundTests.m; sourceTree = "<group>"; };
/* End PBXFileReference section */

/* Begin PBXFrameworksBuildPhase section */
		37D25DBD1816152D009E844D /* Frameworks */ = {
			isa = PBXFrameworksBuildPhase;
			buildActionMask = 2147483647;
			files = (
				37D25DC61816152D009E844D /* CoreGraphics.framework in Frameworks */,
				37D25DC81816152D009E844D /* UIKit.framework in Frameworks */,
				37D25DC41816152D009E844D /* Foundation.framework in Frameworks */,
			);
			runOnlyForDeploymentPostprocessing = 0;
		};
		37D25DDE1816152E009E844D /* Frameworks */ = {
			isa = PBXFrameworksBuildPhase;
			buildActionMask = 2147483647;
			files = (
				37D25DE31816152E009E844D /* XCTest.framework in Frameworks */,
				37D25DE51816152E009E844D /* UIKit.framework in Frameworks */,
				37D25DE41816152E009E844D /* Foundation.framework in Frameworks */,
			);
			runOnlyForDeploymentPostprocessing = 0;
		};
/* End PBXFrameworksBuildPhase section */

/* Begin PBXGroup section */
		37D25DB71816152D009E844D = {
			isa = PBXGroup;
			children = (
				37D25DC91816152D009E844D /* RayDynamicsPlayground */,
				37D25DE81816152E009E844D /* RayDynamicsPlaygroundTests */,
				37D25DC21816152D009E844D /* Frameworks */,
				37D25DC11816152D009E844D /* Products */,
			);
			sourceTree = "<group>";
		};
		37D25DC11816152D009E844D /* Products */ = {
			isa = PBXGroup;
			children = (
				37D25DC01816152D009E844D /* RayDynamicsPlayground.app */,
				37D25DE11816152E009E844D /* RayDynamicsPlaygroundTests.xctest */,
			);
			name = Products;
			sourceTree = "<group>";
		};
		37D25DC21816152D009E844D /* Frameworks */ = {
			isa = PBXGroup;
			children = (
				37D25DC31816152D009E844D /* Foundation.framework */,
				37D25DC51816152D009E844D /* CoreGraphics.framework */,
				37D25DC71816152D009E844D /* UIKit.framework */,
				37D25DE21816152E009E844D /* XCTest.framework */,
			);
			name = Frameworks;
			sourceTree = "<group>";
		};
		37D25DC91816152D009E844D /* RayDynamicsPlayground */ = {
			isa = PBXGroup;
			children = (
				37D25DD21816152D009E844D /* AppDelegate.h */,
				37D25DD31816152D009E844D /* AppDelegate.m */,
				37D25DD51816152D009E844D /* Main.storyboard */,
				37D25DD81816152D009E844D /* ViewController.h */,
				37D25DD91816152D009E844D /* ViewController.m */,
				37D25DDB1816152D009E844D /* Images.xcassets */,
				37D25DCA1816152D009E844D /* Supporting Files */,
			);
			path = RayDynamicsPlayground;
			sourceTree = "<group>";
		};
		37D25DCA1816152D009E844D /* Supporting Files */ = {
			isa = PBXGroup;
			children = (
				37D25DCB1816152D009E844D /* RayDynamicsPlayground-Info.plist */,
				37D25DCC1816152D009E844D /* InfoPlist.strings */,
				37D25DCF1816152D009E844D /* main.m */,
				37D25DD11816152D009E844D /* RayDynamicsPlayground-Prefix.pch */,
			);
			name = "Supporting Files";
			sourceTree = "<group>";
		};
		37D25DE81816152E009E844D /* RayDynamicsPlaygroundTests */ = {
			isa = PBXGroup;
			children = (
				37D25DEE1816152E009E844D /* RayDynamicsPlaygroundTests.m */,
				37D25DE91816152E009E844D /* Supporting Files */,
			);
			path = RayDynamicsPlaygroundTests;
			sourceTree = "<group>";
		};
		37D25DE91816152E009E844D /* Supporting Files */ = {
			isa = PBXGroup;
			children = (
				37D25DEA1816152E009E844D /* RayDynamicsPlaygroundTests-Info.plist */,
				37D25DEB1816152E009E844D /* InfoPlist.strings */,
			);
			name = "Supporting Files";
			sourceTree = "<group>";
		};
/* End PBXGroup section */

/* Begin PBXNativeTarget section */
		37D25DBF1816152D009E844D /* RayDynamicsPlayground */ = {
			isa = PBXNativeTarget;
			buildConfigurationList = 37D25DF21816152E009E844D /* Build configuration list for PBXNativeTarget "RayDynamicsPlayground" */;
			buildPhases = (
				37D25DBC1816152D009E844D /* Sources */,
				37D25DBD1816152D009E844D /* Frameworks */,
				37D25DBE1816152D009E844D /* Resources */,
			);
			buildRules = (
			);
			dependencies = (
			);
			name = RayDynamicsPlayground;
			productName = RayDynamicsPlayground;
			productReference = 37D25DC01816152D009E844D /* RayDynamicsPlayground.app */;
			productType = "com.apple.product-type.application";
		};
		37D25DE01816152E009E844D /* RayDynamicsPlaygroundTests */ = {
			isa = PBXNativeTarget;
			buildConfigurationList = 37D25DF51816152E009E844D /* Build configuration list for PBXNativeTarget "RayDynamicsPlaygroundTests" */;
			buildPhases = (
				37D25DDD1816152E009E844D /* Sources */,
				37D25DDE1816152E009E844D /* Frameworks */,
				37D25DDF1816152E009E844D /* Resources */,
			);
			buildRules = (
			);
			dependencies = (
				37D25DE71816152E009E844D /* PBXTargetDependency */,
			);
			name = RayDynamicsPlaygroundTests;
			productName = RayDynamicsPlaygroundTests;
			productReference = 37D25DE11816152E009E844D /* RayDynamicsPlaygroundTests.xctest */;
			productType = "com.apple.product-type.bundle.unit-test";
		};
/* End PBXNativeTarget section */

/* Begin PBXProject section */
		37D25DB81816152D009E844D /* Project object */ = {
			isa = PBXProject;
			attributes = {
				LastUpgradeCheck = 0500;
				ORGANIZATIONNAME = code4fun.cn;
				TargetAttributes = {
					37D25DE01816152E009E844D = {
						TestTargetID = 37D25DBF1816152D009E844D;
					};
				};
			};
			buildConfigurationList = 37D25DBB1816152D009E844D /* Build configuration list for PBXProject "RayDynamicsPlayground" */;
			compatibilityVersion = "Xcode 3.2";
			developmentRegion = English;
			hasScannedForEncodings = 0;
			knownRegions = (
				en,
				Base,
			);
			mainGroup = 37D25DB71816152D009E844D;
			productRefGroup = 37D25DC11816152D009E844D /* Products */;
			projectDirPath = "";
			projectRoot = "";
			targets = (
				37D25DBF1816152D009E844D /* RayDynamicsPlayground */,
				37D25DE01816152E009E844D /* RayDynamicsPlaygroundTests */,
			);
		};
/* End PBXProject section */

/* Begin PBXResourcesBuildPhase section */
		37D25DBE1816152D009E844D /* Resources */ = {
			isa = PBXResourcesBuildPhase;
			buildActionMask = 2147483647;
			files = (
				37D25DDC1816152D009E844D /* Images.xcassets in Resources */,
				37D25DCE1816152D009E844D /* InfoPlist.strings in Resources */,
				37D25DD71816152D009E844D /* Main.storyboard in Resources */,
			);
			runOnlyForDeploymentPostprocessing = 0;
		};
		37D25DDF1816152E009E844D /* Resources */ = {
			isa = PBXResourcesBuildPhase;
			buildActionMask = 2147483647;
			files = (
				37D25DED1816152E009E844D /* InfoPlist.strings in Resources */,
			);
			runOnlyForDeploymentPostprocessing = 0;
		};
/* End PBXResourcesBuildPhase section */

/* Begin PBXSourcesBuildPhase section */
		37D25DBC1816152D009E844D /* Sources */ = {
			isa = PBXSourcesBuildPhase;
			buildActionMask = 2147483647;
			files = (
				37D25DDA1816152D009E844D /* ViewController.m in Sources */,
				37D25DD41816152D009E844D /* AppDelegate.m in Sources */,
				37D25DD01816152D009E844D /* main.m in Sources */,
			);
			runOnlyForDeploymentPostprocessing = 0;
		};
		37D25DDD1816152E009E844D /* Sources */ = {
			isa = PBXSourcesBuildPhase;
			buildActionMask = 2147483647;
			files = (
				37D25DEF1816152E009E844D /* RayDynamicsPlaygroundTests.m in Sources */,
			);
			runOnlyForDeploymentPostprocessing = 0;
		};
/* End PBXSourcesBuildPhase section */

/* Begin PBXTargetDependency section */
		37D25DE71816152E009E844D /* PBXTargetDependency */ = {
			isa = PBXTargetDependency;
			target = 37D25DBF1816152D009E844D /* RayDynamicsPlayground */;
			targetProxy = 37D25DE61816152E009E844D /* PBXContainerItemProxy */;
		};
/* End PBXTargetDependency section */

/* Begin PBXVariantGroup section */
		37D25DCC1816152D009E844D /* InfoPlist.strings */ = {
			isa = PBXVariantGroup;
			children = (
				37D25DCD1816152D009E844D /* en */,
			);
			name = InfoPlist.strings;
			sourceTree = "<group>";
		};
		37D25DD51816152D009E844D /* Main.storyboard */ = {
			isa = PBXVariantGroup;
			children = (
				37D25DD61816152D009E844D /* Base */,
			);
			name = Main.storyboard;
			sourceTree = "<group>";
		};
		37D25DEB1816152E009E844D /* InfoPlist.strings */ = {
			isa = PBXVariantGroup;
			children = (
				37D25DEC1816152E009E844D /* en */,
			);
			name = InfoPlist.strings;
			sourceTree = "<group>";
		};
/* End PBXVariantGroup section */

/* Begin XCBuildConfiguration section */
		37D25DF01816152E009E844D /* Debug */ = {
			isa = XCBuildConfiguration;
			buildSettings = {
				ALWAYS_SEARCH_USER_PATHS = NO;
				ARCHS = "$(ARCHS_STANDARD_INCLUDING_64_BIT)";
				CLANG_CXX_LANGUAGE_STANDARD = "gnu++0x";
				CLANG_CXX_LIBRARY = "libc++";
				CLANG_ENABLE_MODULES = YES;
				CLANG_ENABLE_OBJC_ARC = YES;
				CLANG_WARN_BOOL_CONVERSION = YES;
				CLANG_WARN_CONSTANT_CONVERSION = YES;
				CLANG_WARN_DIRECT_OBJC_ISA_USAGE = YES_ERROR;
				CLANG_WARN_EMPTY_BODY = YES;
				CLANG_WARN_ENUM_CONVERSION = YES;
				CLANG_WARN_INT_CONVERSION = YES;
				CLANG_WARN_OBJC_ROOT_CLASS = YES_ERROR;
				CLANG_WARN__DUPLICATE_METHOD_MATCH = YES;
				"CODE_SIGN_IDENTITY[sdk=iphoneos*]" = "iPhone Developer";
				COPY_PHASE_STRIP = NO;
				GCC_C_LANGUAGE_STANDARD = gnu99;
				GCC_DYNAMIC_NO_PIC = NO;
				GCC_OPTIMIZATION_LEVEL = 0;
				GCC_PREPROCESSOR_DEFINITIONS = (
					"DEBUG=1",
					"$(inherited)",
				);
				GCC_SYMBOLS_PRIVATE_EXTERN = NO;
				GCC_WARN_64_TO_32_BIT_CONVERSION = YES;
				GCC_WARN_ABOUT_RETURN_TYPE = YES_ERROR;
				GCC_WARN_UNDECLARED_SELECTOR = YES;
				GCC_WARN_UNINITIALIZED_AUTOS = YES;
				GCC_WARN_UNUSED_FUNCTION = YES;
				GCC_WARN_UNUSED_VARIABLE = YES;
				IPHONEOS_DEPLOYMENT_TARGET = 7.0;
				ONLY_ACTIVE_ARCH = YES;
				SDKROOT = iphoneos;
			};
			name = Debug;
		};
		37D25DF11816152E009E844D /* Release */ = {
			isa = XCBuildConfiguration;
			buildSettings = {
				ALWAYS_SEARCH_USER_PATHS = NO;
				ARCHS = "$(ARCHS_STANDARD_INCLUDING_64_BIT)";
				CLANG_CXX_LANGUAGE_STANDARD = "gnu++0x";
				CLANG_CXX_LIBRARY = "libc++";
				CLANG_ENABLE_MODULES = YES;
				CLANG_ENABLE_OBJC_ARC = YES;
				CLANG_WARN_BOOL_CONVERSION = YES;
				CLANG_WARN_CONSTANT_CONVERSION = YES;
				CLANG_WARN_DIRECT_OBJC_ISA_USAGE = YES_ERROR;
				CLANG_WARN_EMPTY_BODY = YES;
				CLANG_WARN_ENUM_CONVERSION = YES;
				CLANG_WARN_INT_CONVERSION = YES;
				CLANG_WARN_OBJC_ROOT_CLASS = YES_ERROR;
				CLANG_WARN__DUPLICATE_METHOD_MATCH = YES;
				"CODE_SIGN_IDENTITY[sdk=iphoneos*]" = "iPhone Developer";
				COPY_PHASE_STRIP = YES;
				ENABLE_NS_ASSERTIONS = NO;
				GCC_C_LANGUAGE_STANDARD = gnu99;
				GCC_WARN_64_TO_32_BIT_CONVERSION = YES;
				GCC_WARN_ABOUT_RETURN_TYPE = YES_ERROR;
				GCC_WARN_UNDECLARED_SELECTOR = YES;
				GCC_WARN_UNINITIALIZED_AUTOS = YES;
				GCC_WARN_UNUSED_FUNCTION = YES;
				GCC_WARN_UNUSED_VARIABLE = YES;
				IPHONEOS_DEPLOYMENT_TARGET = 7.0;
				SDKROOT = iphoneos;
				VALIDATE_PRODUCT = YES;
			};
			name = Release;
		};
		37D25DF31816152E009E844D /* Debug */ = {
			isa = XCBuildConfiguration;
			buildSettings = {
				ASSETCATALOG_COMPILER_APPICON_NAME = AppIcon;
				ASSETCATALOG_COMPILER_LAUNCHIMAGE_NAME = LaunchImage;
				GCC_PRECOMPILE_PREFIX_HEADER = YES;
				GCC_PREFIX_HEADER = "RayDynamicsPlayground/RayDynamicsPlayground-Prefix.pch";
				INFOPLIST_FILE = "RayDynamicsPlayground/RayDynamicsPlayground-Info.plist";
				PRODUCT_NAME = "$(TARGET_NAME)";
				WRAPPER_EXTENSION = app;
			};
			name = Debug;
		};
		37D25DF41816152E009E844D /* Release */ = {
			isa = XCBuildConfiguration;
			buildSettings = {
				ASSETCATALOG_COMPILER_APPICON_NAME = AppIcon;
				ASSETCATALOG_COMPILER_LAUNCHIMAGE_NAME = LaunchImage;
				GCC_PRECOMPILE_PREFIX_HEADER = YES;
				GCC_PREFIX_HEADER = "RayDynamicsPlayground/RayDynamicsPlayground-Prefix.pch";
				INFOPLIST_FILE = "RayDynamicsPlayground/RayDynamicsPlayground-Info.plist";
				PRODUCT_NAME = "$(TARGET_NAME)";
				WRAPPER_EXTENSION = app;
			};
			name = Release;
		};
		37D25DF61816152E009E844D /* Debug */ = {
			isa = XCBuildConfiguration;
			buildSettings = {
				ARCHS = "$(ARCHS_STANDARD_INCLUDING_64_BIT)";
				BUNDLE_LOADER = "$(BUILT_PRODUCTS_DIR)/RayDynamicsPlayground.app/RayDynamicsPlayground";
				FRAMEWORK_SEARCH_PATHS = (
					"$(SDKROOT)/Developer/Library/Frameworks",
					"$(inherited)",
					"$(DEVELOPER_FRAMEWORKS_DIR)",
				);
				GCC_PRECOMPILE_PREFIX_HEADER = YES;
				GCC_PREFIX_HEADER = "RayDynamicsPlayground/RayDynamicsPlayground-Prefix.pch";
				GCC_PREPROCESSOR_DEFINITIONS = (
					"DEBUG=1",
					"$(inherited)",
				);
				INFOPLIST_FILE = "RayDynamicsPlaygroundTests/RayDynamicsPlaygroundTests-Info.plist";
				PRODUCT_NAME = "$(TARGET_NAME)";
				TEST_HOST = "$(BUNDLE_LOADER)";
				WRAPPER_EXTENSION = xctest;
			};
			name = Debug;
		};
		37D25DF71816152E009E844D /* Release */ = {
			isa = XCBuildConfiguration;
			buildSettings = {
				ARCHS = "$(ARCHS_STANDARD_INCLUDING_64_BIT)";
				BUNDLE_LOADER = "$(BUILT_PRODUCTS_DIR)/RayDynamicsPlayground.app/RayDynamicsPlayground";
				FRAMEWORK_SEARCH_PATHS = (
					"$(SDKROOT)/Developer/Library/Frameworks",
					"$(inherited)",
					"$(DEVELOPER_FRAMEWORKS_DIR)",
				);
				GCC_PRECOMPILE_PREFIX_HEADER = YES;
				GCC_PREFIX_HEADER = "RayDynamicsPlayground/RayDynamicsPlayground-Prefix.pch";
				INFOPLIST_FILE = "RayDynamicsPlaygroundTests/RayDynamicsPlaygroundTests-Info.plist";
				PRODUCT_NAME = "$(TARGET_NAME)";
				TEST_HOST = "$(BUNDLE_LOADER)";
				WRAPPER_EXTENSION = xctest;
			};
			name = Release;
		};
/* End XCBuildConfiguration section */

/* Begin XCConfigurationList section */
		37D25DBB1816152D009E844D /* Build configuration list for PBXProject "RayDynamicsPlayground" */ = {
			isa = XCConfigurationList;
			buildConfigurations = (
				37D25DF01816152E009E844D /* Debug */,
				37D25DF11816152E009E844D /* Release */,
			);
			defaultConfigurationIsVisible = 0;
			defaultConfigurationName = Release;
		};
		37D25DF21816152E009E844D /* Build configuration list for PBXNativeTarget "RayDynamicsPlayground" */ = {
			isa = XCConfigurationList;
			buildConfigurations = (
				37D25DF31816152E009E844D /* Debug */,
				37D25DF41816152E009E844D /* Release */,
			);
			defaultConfigurationIsVisible = 0;
		};
		37D25DF51816152E009E844D /* Build configuration list for PBXNativeTarget "RayDynamicsPlaygroundTests" */ = {
			isa = XCConfigurationList;
			buildConfigurations = (
				37D25DF61816152E009E844D /* Debug */,
				37D25DF71816152E009E844D /* Release */,
			);
			defaultConfigurationIsVisible = 0;
		};
/* End XCConfigurationList section */
	};
	rootObject = 37D25DB81816152D009E844D /* Project object */;
}
