// !$*UTF8*$!
{
	archiveVersion = 1;
	classes = {
	};
	objectVersion = 46;
	objects = {

/* Begin PBXBuildFile section */
		37D0E0B31816998200F6ED9D /* Foundation.framework in Frameworks */ = {isa = PBXBuildFile; fileRef = 37D0E0B21816998200F6ED9D /* Foundation.framework */; };
		37D0E0B51816998200F6ED9D /* CoreGraphics.framework in Frameworks */ = {isa = PBXBuildFile; fileRef = 37D0E0B41816998200F6ED9D /* CoreGraphics.framework */; };
		37D0E0B71816998200F6ED9D /* UIKit.framework in Frameworks */ = {isa = PBXBuildFile; fileRef = 37D0E0B61816998200F6ED9D /* UIKit.framework */; };
		37D0E0BD1816998200F6ED9D /* InfoPlist.strings in Resources */ = {isa = PBXBuildFile; fileRef = 37D0E0BB1816998200F6ED9D /* InfoPlist.strings */; };
		37D0E0BF1816998200F6ED9D /* main.m in Sources */ = {isa = PBXBuildFile; fileRef = 37D0E0BE1816998200F6ED9D /* main.m */; };
		37D0E0C31816998200F6ED9D /* AppDelegate.m in Sources */ = {isa = PBXBuildFile; fileRef = 37D0E0C21816998200F6ED9D /* AppDelegate.m */; };
		37D0E0C61816998200F6ED9D /* Main.storyboard in Resources */ = {isa = PBXBuildFile; fileRef = 37D0E0C41816998200F6ED9D /* Main.storyboard */; };
		37D0E0C91816998200F6ED9D /* ViewController.m in Sources */ = {isa = PBXBuildFile; fileRef = 37D0E0C81816998200F6ED9D /* ViewController.m */; };
		37D0E0CB1816998200F6ED9D /* Images.xcassets in Resources */ = {isa = PBXBuildFile; fileRef = 37D0E0CA1816998200F6ED9D /* Images.xcassets */; };
		37D0E0D21816998200F6ED9D /* XCTest.framework in Frameworks */ = {isa = PBXBuildFile; fileRef = 37D0E0D11816998200F6ED9D /* XCTest.framework */; };
		37D0E0D31816998200F6ED9D /* Foundation.framework in Frameworks */ = {isa = PBXBuildFile; fileRef = 37D0E0B21816998200F6ED9D /* Foundation.framework */; };
		37D0E0D41816998200F6ED9D /* UIKit.framework in Frameworks */ = {isa = PBXBuildFile; fileRef = 37D0E0B61816998200F6ED9D /* UIKit.framework */; };
		37D0E0DC1816998200F6ED9D /* InfoPlist.strings in Resources */ = {isa = PBXBuildFile; fileRef = 37D0E0DA1816998200F6ED9D /* InfoPlist.strings */; };
		37D0E0DE1816998200F6ED9D /* DropViewWithUIKitTests.m in Sources */ = {isa = PBXBuildFile; fileRef = 37D0E0DD1816998200F6ED9D /* DropViewWithUIKitTests.m */; };
		37D0E0E91816AD3B00F6ED9D /* DropView.m in Sources */ = {isa = PBXBuildFile; fileRef = 37D0E0E81816AD3B00F6ED9D /* DropView.m */; };
/* End PBXBuildFile section */

/* Begin PBXContainerItemProxy section */
		37D0E0D51816998200F6ED9D /* PBXContainerItemProxy */ = {
			isa = PBXContainerItemProxy;
			containerPortal = 37D0E0A71816998200F6ED9D /* Project object */;
			proxyType = 1;
			remoteGlobalIDString = 37D0E0AE1816998200F6ED9D;
			remoteInfo = DropViewWithUIKit;
		};
/* End PBXContainerItemProxy section */

/* Begin PBXFileReference section */
		37D0E0AF1816998200F6ED9D /* DropViewWithUIKit.app */ = {isa = PBXFileReference; explicitFileType = wrapper.application; includeInIndex = 0; path = DropViewWithUIKit.app; sourceTree = BUILT_PRODUCTS_DIR; };
		37D0E0B21816998200F6ED9D /* Foundation.framework */ = {isa = PBXFileReference; lastKnownFileType = wrapper.framework; name = Foundation.framework; path = System/Library/Frameworks/Foundation.framework; sourceTree = SDKROOT; };
		37D0E0B41816998200F6ED9D /* CoreGraphics.framework */ = {isa = PBXFileReference; lastKnownFileType = wrapper.framework; name = CoreGraphics.framework; path = System/Library/Frameworks/CoreGraphics.framework; sourceTree = SDKROOT; };
		37D0E0B61816998200F6ED9D /* UIKit.framework */ = {isa = PBXFileReference; lastKnownFileType = wrapper.framework; name = UIKit.framework; path = System/Library/Frameworks/UIKit.framework; sourceTree = SDKROOT; };
		37D0E0BA1816998200F6ED9D /* DropViewWithUIKit-Info.plist */ = {isa = PBXFileReference; lastKnownFileType = text.plist.xml; path = "DropViewWithUIKit-Info.plist"; sourceTree = "<group>"; };
		37D0E0BC1816998200F6ED9D /* en */ = {isa = PBXFileReference; lastKnownFileType = text.plist.strings; name = en; path = en.lproj/InfoPlist.strings; sourceTree = "<group>"; };
		37D0E0BE1816998200F6ED9D /* main.m */ = {isa = PBXFileReference; lastKnownFileType = sourcecode.c.objc; path = main.m; sourceTree = "<group>"; };
		37D0E0C01816998200F6ED9D /* DropViewWithUIKit-Prefix.pch */ = {isa = PBXFileReference; lastKnownFileType = sourcecode.c.h; path = "DropViewWithUIKit-Prefix.pch"; sourceTree = "<group>"; };
		37D0E0C11816998200F6ED9D /* AppDelegate.h */ = {isa = PBXFileReference; lastKnownFileType = sourcecode.c.h; path = AppDelegate.h; sourceTree = "<group>"; };
		37D0E0C21816998200F6ED9D /* AppDelegate.m */ = {isa = PBXFileReference; lastKnownFileType = sourcecode.c.objc; path = AppDelegate.m; sourceTree = "<group>"; };
		37D0E0C51816998200F6ED9D /* Base */ = {isa = PBXFileReference; lastKnownFileType = file.storyboard; name = Base; path = Base.lproj/Main.storyboard; sourceTree = "<group>"; };
		37D0E0C71816998200F6ED9D /* ViewController.h */ = {isa = PBXFileReference; lastKnownFileType = sourcecode.c.h; path = ViewController.h; sourceTree = "<group>"; };
		37D0E0C81816998200F6ED9D /* ViewController.m */ = {isa = PBXFileReference; lastKnownFileType = sourcecode.c.objc; path = ViewController.m; sourceTree = "<group>"; };
		37D0E0CA1816998200F6ED9D /* Images.xcassets */ = {isa = PBXFileReference; lastKnownFileType = folder.assetcatalog; path = Images.xcassets; sourceTree = "<group>"; };
		37D0E0D01816998200F6ED9D /* DropViewWithUIKitTests.xctest */ = {isa = PBXFileReference; explicitFileType = wrapper.cfbundle; includeInIndex = 0; path = DropViewWithUIKitTests.xctest; sourceTree = BUILT_PRODUCTS_DIR; };
		37D0E0D11816998200F6ED9D /* XCTest.framework */ = {isa = PBXFileReference; lastKnownFileType = wrapper.framework; name = XCTest.framework; path = Library/Frameworks/XCTest.framework; sourceTree = DEVELOPER_DIR; };
		37D0E0D91816998200F6ED9D /* DropViewWithUIKitTests-Info.plist */ = {isa = PBXFileReference; lastKnownFileType = text.plist.xml; path = "DropViewWithUIKitTests-Info.plist"; sourceTree = "<group>"; };
		37D0E0DB1816998200F6ED9D /* en */ = {isa = PBXFileReference; lastKnownFileType = text.plist.strings; name = en; path = en.lproj/InfoPlist.strings; sourceTree = "<group>"; };
		37D0E0DD1816998200F6ED9D /* DropViewWithUIKitTests.m */ = {isa = PBXFileReference; lastKnownFileType = sourcecode.c.objc; path = DropViewWithUIKitTests.m; sourceTree = "<group>"; };
		37D0E0E71816AD3B00F6ED9D /* DropView.h */ = {isa = PBXFileReference; fileEncoding = 4; lastKnownFileType = sourcecode.c.h; path = DropView.h; sourceTree = "<group>"; };
		37D0E0E81816AD3B00F6ED9D /* DropView.m */ = {isa = PBXFileReference; fileEncoding = 4; lastKnownFileType = sourcecode.c.objc; path = DropView.m; sourceTree = "<group>"; };
/* End PBXFileReference section */

/* Begin PBXFrameworksBuildPhase section */
		37D0E0AC1816998200F6ED9D /* Frameworks */ = {
			isa = PBXFrameworksBuildPhase;
			buildActionMask = 2147483647;
			files = (
				37D0E0B51816998200F6ED9D /* CoreGraphics.framework in Frameworks */,
				37D0E0B71816998200F6ED9D /* UIKit.framework in Frameworks */,
				37D0E0B31816998200F6ED9D /* Foundation.framework in Frameworks */,
			);
			runOnlyForDeploymentPostprocessing = 0;
		};
		37D0E0CD1816998200F6ED9D /* Frameworks */ = {
			isa = PBXFrameworksBuildPhase;
			buildActionMask = 2147483647;
			files = (
				37D0E0D21816998200F6ED9D /* XCTest.framework in Frameworks */,
				37D0E0D41816998200F6ED9D /* UIKit.framework in Frameworks */,
				37D0E0D31816998200F6ED9D /* Foundation.framework in Frameworks */,
			);
			runOnlyForDeploymentPostprocessing = 0;
		};
/* End PBXFrameworksBuildPhase section */

/* Begin PBXGroup section */
		37D0E0A61816998200F6ED9D = {
			isa = PBXGroup;
			children = (
				37D0E0B81816998200F6ED9D /* DropViewWithUIKit */,
				37D0E0D71816998200F6ED9D /* DropViewWithUIKitTests */,
				37D0E0B11816998200F6ED9D /* Frameworks */,
				37D0E0B01816998200F6ED9D /* Products */,
			);
			sourceTree = "<group>";
		};
		37D0E0B01816998200F6ED9D /* Products */ = {
			isa = PBXGroup;
			children = (
				37D0E0AF1816998200F6ED9D /* DropViewWithUIKit.app */,
				37D0E0D01816998200F6ED9D /* DropViewWithUIKitTests.xctest */,
			);
			name = Products;
			sourceTree = "<group>";
		};
		37D0E0B11816998200F6ED9D /* Frameworks */ = {
			isa = PBXGroup;
			children = (
				37D0E0B21816998200F6ED9D /* Foundation.framework */,
				37D0E0B41816998200F6ED9D /* CoreGraphics.framework */,
				37D0E0B61816998200F6ED9D /* UIKit.framework */,
				37D0E0D11816998200F6ED9D /* XCTest.framework */,
			);
			name = Frameworks;
			sourceTree = "<group>";
		};
		37D0E0B81816998200F6ED9D /* DropViewWithUIKit */ = {
			isa = PBXGroup;
			children = (
				37D0E0C11816998200F6ED9D /* AppDelegate.h */,
				37D0E0C21816998200F6ED9D /* AppDelegate.m */,
				37D0E0C41816998200F6ED9D /* Main.storyboard */,
				37D0E0C71816998200F6ED9D /* ViewController.h */,
				37D0E0C81816998200F6ED9D /* ViewController.m */,
				37D0E0CA1816998200F6ED9D /* Images.xcassets */,
				37D0E0B91816998200F6ED9D /* Supporting Files */,
				37D0E0E71816AD3B00F6ED9D /* DropView.h */,
				37D0E0E81816AD3B00F6ED9D /* DropView.m */,
			);
			path = DropViewWithUIKit;
			sourceTree = "<group>";
		};
		37D0E0B91816998200F6ED9D /* Supporting Files */ = {
			isa = PBXGroup;
			children = (
				37D0E0BA1816998200F6ED9D /* DropViewWithUIKit-Info.plist */,
				37D0E0BB1816998200F6ED9D /* InfoPlist.strings */,
				37D0E0BE1816998200F6ED9D /* main.m */,
				37D0E0C01816998200F6ED9D /* DropViewWithUIKit-Prefix.pch */,
			);
			name = "Supporting Files";
			sourceTree = "<group>";
		};
		37D0E0D71816998200F6ED9D /* DropViewWithUIKitTests */ = {
			isa = PBXGroup;
			children = (
				37D0E0DD1816998200F6ED9D /* DropViewWithUIKitTests.m */,
				37D0E0D81816998200F6ED9D /* Supporting Files */,
			);
			path = DropViewWithUIKitTests;
			sourceTree = "<group>";
		};
		37D0E0D81816998200F6ED9D /* Supporting Files */ = {
			isa = PBXGroup;
			children = (
				37D0E0D91816998200F6ED9D /* DropViewWithUIKitTests-Info.plist */,
				37D0E0DA1816998200F6ED9D /* InfoPlist.strings */,
			);
			name = "Supporting Files";
			sourceTree = "<group>";
		};
/* End PBXGroup section */

/* Begin PBXNativeTarget section */
		37D0E0AE1816998200F6ED9D /* DropViewWithUIKit */ = {
			isa = PBXNativeTarget;
			buildConfigurationList = 37D0E0E11816998200F6ED9D /* Build configuration list for PBXNativeTarget "DropViewWithUIKit" */;
			buildPhases = (
				37D0E0AB1816998200F6ED9D /* Sources */,
				37D0E0AC1816998200F6ED9D /* Frameworks */,
				37D0E0AD1816998200F6ED9D /* Resources */,
			);
			buildRules = (
			);
			dependencies = (
			);
			name = DropViewWithUIKit;
			productName = DropViewWithUIKit;
			productReference = 37D0E0AF1816998200F6ED9D /* DropViewWithUIKit.app */;
			productType = "com.apple.product-type.application";
		};
		37D0E0CF1816998200F6ED9D /* DropViewWithUIKitTests */ = {
			isa = PBXNativeTarget;
			buildConfigurationList = 37D0E0E41816998200F6ED9D /* Build configuration list for PBXNativeTarget "DropViewWithUIKitTests" */;
			buildPhases = (
				37D0E0CC1816998200F6ED9D /* Sources */,
				37D0E0CD1816998200F6ED9D /* Frameworks */,
				37D0E0CE1816998200F6ED9D /* Resources */,
			);
			buildRules = (
			);
			dependencies = (
				37D0E0D61816998200F6ED9D /* PBXTargetDependency */,
			);
			name = DropViewWithUIKitTests;
			productName = DropViewWithUIKitTests;
			productReference = 37D0E0D01816998200F6ED9D /* DropViewWithUIKitTests.xctest */;
			productType = "com.apple.product-type.bundle.unit-test";
		};
/* End PBXNativeTarget section */

/* Begin PBXProject section */
		37D0E0A71816998200F6ED9D /* Project object */ = {
			isa = PBXProject;
			attributes = {
				LastUpgradeCheck = 0500;
				ORGANIZATIONNAME = code4fun.cn;
				TargetAttributes = {
					37D0E0CF1816998200F6ED9D = {
						TestTargetID = 37D0E0AE1816998200F6ED9D;
					};
				};
			};
			buildConfigurationList = 37D0E0AA1816998200F6ED9D /* Build configuration list for PBXProject "DropViewWithUIKit" */;
			compatibilityVersion = "Xcode 3.2";
			developmentRegion = English;
			hasScannedForEncodings = 0;
			knownRegions = (
				en,
				Base,
			);
			mainGroup = 37D0E0A61816998200F6ED9D;
			productRefGroup = 37D0E0B01816998200F6ED9D /* Products */;
			projectDirPath = "";
			projectRoot = "";
			targets = (
				37D0E0AE1816998200F6ED9D /* DropViewWithUIKit */,
				37D0E0CF1816998200F6ED9D /* DropViewWithUIKitTests */,
			);
		};
/* End PBXProject section */

/* Begin PBXResourcesBuildPhase section */
		37D0E0AD1816998200F6ED9D /* Resources */ = {
			isa = PBXResourcesBuildPhase;
			buildActionMask = 2147483647;
			files = (
				37D0E0CB1816998200F6ED9D /* Images.xcassets in Resources */,
				37D0E0BD1816998200F6ED9D /* InfoPlist.strings in Resources */,
				37D0E0C61816998200F6ED9D /* Main.storyboard in Resources */,
			);
			runOnlyForDeploymentPostprocessing = 0;
		};
		37D0E0CE1816998200F6ED9D /* Resources */ = {
			isa = PBXResourcesBuildPhase;
			buildActionMask = 2147483647;
			files = (
				37D0E0DC1816998200F6ED9D /* InfoPlist.strings in Resources */,
			);
			runOnlyForDeploymentPostprocessing = 0;
		};
/* End PBXResourcesBuildPhase section */

/* Begin PBXSourcesBuildPhase section */
		37D0E0AB1816998200F6ED9D /* Sources */ = {
			isa = PBXSourcesBuildPhase;
			buildActionMask = 2147483647;
			files = (
				37D0E0C91816998200F6ED9D /* ViewController.m in Sources */,
				37D0E0E91816AD3B00F6ED9D /* DropView.m in Sources */,
				37D0E0C31816998200F6ED9D /* AppDelegate.m in Sources */,
				37D0E0BF1816998200F6ED9D /* main.m in Sources */,
			);
			runOnlyForDeploymentPostprocessing = 0;
		};
		37D0E0CC1816998200F6ED9D /* Sources */ = {
			isa = PBXSourcesBuildPhase;
			buildActionMask = 2147483647;
			files = (
				37D0E0DE1816998200F6ED9D /* DropViewWithUIKitTests.m in Sources */,
			);
			runOnlyForDeploymentPostprocessing = 0;
		};
/* End PBXSourcesBuildPhase section */

/* Begin PBXTargetDependency section */
		37D0E0D61816998200F6ED9D /* PBXTargetDependency */ = {
			isa = PBXTargetDependency;
			target = 37D0E0AE1816998200F6ED9D /* DropViewWithUIKit */;
			targetProxy = 37D0E0D51816998200F6ED9D /* PBXContainerItemProxy */;
		};
/* End PBXTargetDependency section */

/* Begin PBXVariantGroup section */
		37D0E0BB1816998200F6ED9D /* InfoPlist.strings */ = {
			isa = PBXVariantGroup;
			children = (
				37D0E0BC1816998200F6ED9D /* en */,
			);
			name = InfoPlist.strings;
			sourceTree = "<group>";
		};
		37D0E0C41816998200F6ED9D /* Main.storyboard */ = {
			isa = PBXVariantGroup;
			children = (
				37D0E0C51816998200F6ED9D /* Base */,
			);
			name = Main.storyboard;
			sourceTree = "<group>";
		};
		37D0E0DA1816998200F6ED9D /* InfoPlist.strings */ = {
			isa = PBXVariantGroup;
			children = (
				37D0E0DB1816998200F6ED9D /* en */,
			);
			name = InfoPlist.strings;
			sourceTree = "<group>";
		};
/* End PBXVariantGroup section */

/* Begin XCBuildConfiguration section */
		37D0E0DF1816998200F6ED9D /* Debug */ = {
			isa = XCBuildConfiguration;
			buildSettings = {
				ALWAYS_SEARCH_USER_PATHS = NO;
				ARCHS = "$(ARCHS_STANDARD_INCLUDING_64_BIT)";
				CLANG_CXX_LANGUAGE_STANDARD = "gnu++0x";
				CLANG_CXX_LIBRARY = "libc++";
				CLANG_ENABLE_MODULES = YES;
				CLANG_ENABLE_OBJC_ARC = YES;
				CLANG_WARN_BOOL_CONVERSION = YES;
				CLANG_WARN_CONSTANT_CONVERSION = YES;
				CLANG_WARN_DIRECT_OBJC_ISA_USAGE = YES_ERROR;
				CLANG_WARN_EMPTY_BODY = YES;
				CLANG_WARN_ENUM_CONVERSION = YES;
				CLANG_WARN_INT_CONVERSION = YES;
				CLANG_WARN_OBJC_ROOT_CLASS = YES_ERROR;
				CLANG_WARN__DUPLICATE_METHOD_MATCH = YES;
				"CODE_SIGN_IDENTITY[sdk=iphoneos*]" = "iPhone Developer";
				COPY_PHASE_STRIP = NO;
				GCC_C_LANGUAGE_STANDARD = gnu99;
				GCC_DYNAMIC_NO_PIC = NO;
				GCC_OPTIMIZATION_LEVEL = 0;
				GCC_PREPROCESSOR_DEFINITIONS = (
					"DEBUG=1",
					"$(inherited)",
				);
				GCC_SYMBOLS_PRIVATE_EXTERN = NO;
				GCC_WARN_64_TO_32_BIT_CONVERSION = YES;
				GCC_WARN_ABOUT_RETURN_TYPE = YES_ERROR;
				GCC_WARN_UNDECLARED_SELECTOR = YES;
				GCC_WARN_UNINITIALIZED_AUTOS = YES;
				GCC_WARN_UNUSED_FUNCTION = YES;
				GCC_WARN_UNUSED_VARIABLE = YES;
				IPHONEOS_DEPLOYMENT_TARGET = 7.0;
				ONLY_ACTIVE_ARCH = YES;
				SDKROOT = iphoneos;
			};
			name = Debug;
		};
		37D0E0E01816998200F6ED9D /* Release */ = {
			isa = XCBuildConfiguration;
			buildSettings = {
				ALWAYS_SEARCH_USER_PATHS = NO;
				ARCHS = "$(ARCHS_STANDARD_INCLUDING_64_BIT)";
				CLANG_CXX_LANGUAGE_STANDARD = "gnu++0x";
				CLANG_CXX_LIBRARY = "libc++";
				CLANG_ENABLE_MODULES = YES;
				CLANG_ENABLE_OBJC_ARC = YES;
				CLANG_WARN_BOOL_CONVERSION = YES;
				CLANG_WARN_CONSTANT_CONVERSION = YES;
				CLANG_WARN_DIRECT_OBJC_ISA_USAGE = YES_ERROR;
				CLANG_WARN_EMPTY_BODY = YES;
				CLANG_WARN_ENUM_CONVERSION = YES;
				CLANG_WARN_INT_CONVERSION = YES;
				CLANG_WARN_OBJC_ROOT_CLASS = YES_ERROR;
				CLANG_WARN__DUPLICATE_METHOD_MATCH = YES;
				"CODE_SIGN_IDENTITY[sdk=iphoneos*]" = "iPhone Developer";
				COPY_PHASE_STRIP = YES;
				ENABLE_NS_ASSERTIONS = NO;
				GCC_C_LANGUAGE_STANDARD = gnu99;
				GCC_WARN_64_TO_32_BIT_CONVERSION = YES;
				GCC_WARN_ABOUT_RETURN_TYPE = YES_ERROR;
				GCC_WARN_UNDECLARED_SELECTOR = YES;
				GCC_WARN_UNINITIALIZED_AUTOS = YES;
				GCC_WARN_UNUSED_FUNCTION = YES;
				GCC_WARN_UNUSED_VARIABLE = YES;
				IPHONEOS_DEPLOYMENT_TARGET = 7.0;
				SDKROOT = iphoneos;
				VALIDATE_PRODUCT = YES;
			};
			name = Release;
		};
		37D0E0E21816998200F6ED9D /* Debug */ = {
			isa = XCBuildConfiguration;
			buildSettings = {
				ASSETCATALOG_COMPILER_APPICON_NAME = AppIcon;
				ASSETCATALOG_COMPILER_LAUNCHIMAGE_NAME = LaunchImage;
				GCC_PRECOMPILE_PREFIX_HEADER = YES;
				GCC_PREFIX_HEADER = "DropViewWithUIKit/DropViewWithUIKit-Prefix.pch";
				INFOPLIST_FILE = "DropViewWithUIKit/DropViewWithUIKit-Info.plist";
				PRODUCT_NAME = "$(TARGET_NAME)";
				WRAPPER_EXTENSION = app;
			};
			name = Debug;
		};
		37D0E0E31816998200F6ED9D /* Release */ = {
			isa = XCBuildConfiguration;
			buildSettings = {
				ASSETCATALOG_COMPILER_APPICON_NAME = AppIcon;
				ASSETCATALOG_COMPILER_LAUNCHIMAGE_NAME = LaunchImage;
				GCC_PRECOMPILE_PREFIX_HEADER = YES;
				GCC_PREFIX_HEADER = "DropViewWithUIKit/DropViewWithUIKit-Prefix.pch";
				INFOPLIST_FILE = "DropViewWithUIKit/DropViewWithUIKit-Info.plist";
				PRODUCT_NAME = "$(TARGET_NAME)";
				WRAPPER_EXTENSION = app;
			};
			name = Release;
		};
		37D0E0E51816998200F6ED9D /* Debug */ = {
			isa = XCBuildConfiguration;
			buildSettings = {
				ARCHS = "$(ARCHS_STANDARD_INCLUDING_64_BIT)";
				BUNDLE_LOADER = "$(BUILT_PRODUCTS_DIR)/DropViewWithUIKit.app/DropViewWithUIKit";
				FRAMEWORK_SEARCH_PATHS = (
					"$(SDKROOT)/Developer/Library/Frameworks",
					"$(inherited)",
					"$(DEVELOPER_FRAMEWORKS_DIR)",
				);
				GCC_PRECOMPILE_PREFIX_HEADER = YES;
				GCC_PREFIX_HEADER = "DropViewWithUIKit/DropViewWithUIKit-Prefix.pch";
				GCC_PREPROCESSOR_DEFINITIONS = (
					"DEBUG=1",
					"$(inherited)",
				);
				INFOPLIST_FILE = "DropViewWithUIKitTests/DropViewWithUIKitTests-Info.plist";
				PRODUCT_NAME = "$(TARGET_NAME)";
				TEST_HOST = "$(BUNDLE_LOADER)";
				WRAPPER_EXTENSION = xctest;
			};
			name = Debug;
		};
		37D0E0E61816998200F6ED9D /* Release */ = {
			isa = XCBuildConfiguration;
			buildSettings = {
				ARCHS = "$(ARCHS_STANDARD_INCLUDING_64_BIT)";
				BUNDLE_LOADER = "$(BUILT_PRODUCTS_DIR)/DropViewWithUIKit.app/DropViewWithUIKit";
				FRAMEWORK_SEARCH_PATHS = (
					"$(SDKROOT)/Developer/Library/Frameworks",
					"$(inherited)",
					"$(DEVELOPER_FRAMEWORKS_DIR)",
				);
				GCC_PRECOMPILE_PREFIX_HEADER = YES;
				GCC_PREFIX_HEADER = "DropViewWithUIKit/DropViewWithUIKit-Prefix.pch";
				INFOPLIST_FILE = "DropViewWithUIKitTests/DropViewWithUIKitTests-Info.plist";
				PRODUCT_NAME = "$(TARGET_NAME)";
				TEST_HOST = "$(BUNDLE_LOADER)";
				WRAPPER_EXTENSION = xctest;
			};
			name = Release;
		};
/* End XCBuildConfiguration section */

/* Begin XCConfigurationList section */
		37D0E0AA1816998200F6ED9D /* Build configuration list for PBXProject "DropViewWithUIKit" */ = {
			isa = XCConfigurationList;
			buildConfigurations = (
				37D0E0DF1816998200F6ED9D /* Debug */,
				37D0E0E01816998200F6ED9D /* Release */,
			);
			defaultConfigurationIsVisible = 0;
			defaultConfigurationName = Release;
		};
		37D0E0E11816998200F6ED9D /* Build configuration list for PBXNativeTarget "DropViewWithUIKit" */ = {
			isa = XCConfigurationList;
			buildConfigurations = (
				37D0E0E21816998200F6ED9D /* Debug */,
				37D0E0E31816998200F6ED9D /* Release */,
			);
			defaultConfigurationIsVisible = 0;
		};
		37D0E0E41816998200F6ED9D /* Build configuration list for PBXNativeTarget "DropViewWithUIKitTests" */ = {
			isa = XCConfigurationList;
			buildConfigurations = (
				37D0E0E51816998200F6ED9D /* Debug */,
				37D0E0E61816998200F6ED9D /* Release */,
			);
			defaultConfigurationIsVisible = 0;
		};
/* End XCConfigurationList section */
	};
	rootObject = 37D0E0A71816998200F6ED9D /* Project object */;
}
