// !$*UTF8*$!
{
	archiveVersion = 1;
	classes = {
	};
	objectVersion = 46;
	objects = {

/* Begin PBXBuildFile section */
		374E95A517F4760D004518DB /* UIKit.framework in Frameworks */ = {isa = PBXBuildFile; fileRef = 374E95A417F4760D004518DB /* UIKit.framework */; };
		374E95A717F4760D004518DB /* Foundation.framework in Frameworks */ = {isa = PBXBuildFile; fileRef = 374E95A617F4760D004518DB /* Foundation.framework */; };
		374E95A917F4760D004518DB /* CoreGraphics.framework in Frameworks */ = {isa = PBXBuildFile; fileRef = 374E95A817F4760D004518DB /* CoreGraphics.framework */; };
		374E95AF17F4760D004518DB /* InfoPlist.strings in Resources */ = {isa = PBXBuildFile; fileRef = 374E95AD17F4760D004518DB /* InfoPlist.strings */; };
		374E95B117F4760D004518DB /* main.m in Sources */ = {isa = PBXBuildFile; fileRef = 374E95B017F4760D004518DB /* main.m */; };
		374E95B517F4760D004518DB /* VtAppDelegate.m in Sources */ = {isa = PBXBuildFile; fileRef = 374E95B417F4760D004518DB /* VtAppDelegate.m */; };
		374E95B717F4760D004518DB /* Default.png in Resources */ = {isa = PBXBuildFile; fileRef = 374E95B617F4760D004518DB /* Default.png */; };
		374E95B917F4760D004518DB /* Default@2x.png in Resources */ = {isa = PBXBuildFile; fileRef = 374E95B817F4760D004518DB /* Default@2x.png */; };
		374E95BB17F4760D004518DB /* Default-568h@2x.png in Resources */ = {isa = PBXBuildFile; fileRef = 374E95BA17F4760D004518DB /* Default-568h@2x.png */; };
		374E95BE17F4760D004518DB /* VtViewController.m in Sources */ = {isa = PBXBuildFile; fileRef = 374E95BD17F4760D004518DB /* VtViewController.m */; };
		374E95C117F4760D004518DB /* VtViewController.xib in Resources */ = {isa = PBXBuildFile; fileRef = 374E95BF17F4760D004518DB /* VtViewController.xib */; };
		374E95CA17F47663004518DB /* VtFirstViewController.m in Sources */ = {isa = PBXBuildFile; fileRef = 374E95C817F47663004518DB /* VtFirstViewController.m */; };
		374E95CB17F47663004518DB /* VtFirstViewController.xib in Resources */ = {isa = PBXBuildFile; fileRef = 374E95C917F47663004518DB /* VtFirstViewController.xib */; };
		374E95CF17F4767A004518DB /* VtSecondViewController.m in Sources */ = {isa = PBXBuildFile; fileRef = 374E95CD17F4767A004518DB /* VtSecondViewController.m */; };
		374E95D017F4767A004518DB /* VtSecondViewController.xib in Resources */ = {isa = PBXBuildFile; fileRef = 374E95CE17F4767A004518DB /* VtSecondViewController.xib */; };
/* End PBXBuildFile section */

/* Begin PBXFileReference section */
		374E95A117F4760D004518DB /* ViewTransitionSample.app */ = {isa = PBXFileReference; explicitFileType = wrapper.application; includeInIndex = 0; path = ViewTransitionSample.app; sourceTree = BUILT_PRODUCTS_DIR; };
		374E95A417F4760D004518DB /* UIKit.framework */ = {isa = PBXFileReference; lastKnownFileType = wrapper.framework; name = UIKit.framework; path = System/Library/Frameworks/UIKit.framework; sourceTree = SDKROOT; };
		374E95A617F4760D004518DB /* Foundation.framework */ = {isa = PBXFileReference; lastKnownFileType = wrapper.framework; name = Foundation.framework; path = System/Library/Frameworks/Foundation.framework; sourceTree = SDKROOT; };
		374E95A817F4760D004518DB /* CoreGraphics.framework */ = {isa = PBXFileReference; lastKnownFileType = wrapper.framework; name = CoreGraphics.framework; path = System/Library/Frameworks/CoreGraphics.framework; sourceTree = SDKROOT; };
		374E95AC17F4760D004518DB /* ViewTransitionSample-Info.plist */ = {isa = PBXFileReference; lastKnownFileType = text.plist.xml; path = "ViewTransitionSample-Info.plist"; sourceTree = "<group>"; };
		374E95AE17F4760D004518DB /* en */ = {isa = PBXFileReference; lastKnownFileType = text.plist.strings; name = en; path = en.lproj/InfoPlist.strings; sourceTree = "<group>"; };
		374E95B017F4760D004518DB /* main.m */ = {isa = PBXFileReference; lastKnownFileType = sourcecode.c.objc; path = main.m; sourceTree = "<group>"; };
		374E95B217F4760D004518DB /* ViewTransitionSample-Prefix.pch */ = {isa = PBXFileReference; lastKnownFileType = sourcecode.c.h; path = "ViewTransitionSample-Prefix.pch"; sourceTree = "<group>"; };
		374E95B317F4760D004518DB /* VtAppDelegate.h */ = {isa = PBXFileReference; lastKnownFileType = sourcecode.c.h; path = VtAppDelegate.h; sourceTree = "<group>"; };
		374E95B417F4760D004518DB /* VtAppDelegate.m */ = {isa = PBXFileReference; lastKnownFileType = sourcecode.c.objc; path = VtAppDelegate.m; sourceTree = "<group>"; };
		374E95B617F4760D004518DB /* Default.png */ = {isa = PBXFileReference; lastKnownFileType = image.png; path = Default.png; sourceTree = "<group>"; };
		374E95B817F4760D004518DB /* Default@2x.png */ = {isa = PBXFileReference; lastKnownFileType = image.png; path = "Default@2x.png"; sourceTree = "<group>"; };
		374E95BA17F4760D004518DB /* Default-568h@2x.png */ = {isa = PBXFileReference; lastKnownFileType = image.png; path = "Default-568h@2x.png"; sourceTree = "<group>"; };
		374E95BC17F4760D004518DB /* VtViewController.h */ = {isa = PBXFileReference; lastKnownFileType = sourcecode.c.h; path = VtViewController.h; sourceTree = "<group>"; };
		374E95BD17F4760D004518DB /* VtViewController.m */ = {isa = PBXFileReference; lastKnownFileType = sourcecode.c.objc; path = VtViewController.m; sourceTree = "<group>"; };
		374E95C017F4760D004518DB /* en */ = {isa = PBXFileReference; lastKnownFileType = file.xib; name = en; path = en.lproj/VtViewController.xib; sourceTree = "<group>"; };
		374E95C717F47663004518DB /* VtFirstViewController.h */ = {isa = PBXFileReference; fileEncoding = 4; lastKnownFileType = sourcecode.c.h; path = VtFirstViewController.h; sourceTree = "<group>"; };
		374E95C817F47663004518DB /* VtFirstViewController.m */ = {isa = PBXFileReference; fileEncoding = 4; lastKnownFileType = sourcecode.c.objc; path = VtFirstViewController.m; sourceTree = "<group>"; };
		374E95C917F47663004518DB /* VtFirstViewController.xib */ = {isa = PBXFileReference; fileEncoding = 4; lastKnownFileType = file.xib; path = VtFirstViewController.xib; sourceTree = "<group>"; };
		374E95CC17F4767A004518DB /* VtSecondViewController.h */ = {isa = PBXFileReference; fileEncoding = 4; lastKnownFileType = sourcecode.c.h; path = VtSecondViewController.h; sourceTree = "<group>"; };
		374E95CD17F4767A004518DB /* VtSecondViewController.m */ = {isa = PBXFileReference; fileEncoding = 4; lastKnownFileType = sourcecode.c.objc; path = VtSecondViewController.m; sourceTree = "<group>"; };
		374E95CE17F4767A004518DB /* VtSecondViewController.xib */ = {isa = PBXFileReference; fileEncoding = 4; lastKnownFileType = file.xib; path = VtSecondViewController.xib; sourceTree = "<group>"; };
/* End PBXFileReference section */

/* Begin PBXFrameworksBuildPhase section */
		374E959E17F4760D004518DB /* Frameworks */ = {
			isa = PBXFrameworksBuildPhase;
			buildActionMask = 2147483647;
			files = (
				374E95A517F4760D004518DB /* UIKit.framework in Frameworks */,
				374E95A717F4760D004518DB /* Foundation.framework in Frameworks */,
				374E95A917F4760D004518DB /* CoreGraphics.framework in Frameworks */,
			);
			runOnlyForDeploymentPostprocessing = 0;
		};
/* End PBXFrameworksBuildPhase section */

/* Begin PBXGroup section */
		374E959817F4760D004518DB = {
			isa = PBXGroup;
			children = (
				374E95AA17F4760D004518DB /* ViewTransitionSample */,
				374E95A317F4760D004518DB /* Frameworks */,
				374E95A217F4760D004518DB /* Products */,
			);
			sourceTree = "<group>";
		};
		374E95A217F4760D004518DB /* Products */ = {
			isa = PBXGroup;
			children = (
				374E95A117F4760D004518DB /* ViewTransitionSample.app */,
			);
			name = Products;
			sourceTree = "<group>";
		};
		374E95A317F4760D004518DB /* Frameworks */ = {
			isa = PBXGroup;
			children = (
				374E95A417F4760D004518DB /* UIKit.framework */,
				374E95A617F4760D004518DB /* Foundation.framework */,
				374E95A817F4760D004518DB /* CoreGraphics.framework */,
			);
			name = Frameworks;
			sourceTree = "<group>";
		};
		374E95AA17F4760D004518DB /* ViewTransitionSample */ = {
			isa = PBXGroup;
			children = (
				374E95B317F4760D004518DB /* VtAppDelegate.h */,
				374E95B417F4760D004518DB /* VtAppDelegate.m */,
				374E95BC17F4760D004518DB /* VtViewController.h */,
				374E95BD17F4760D004518DB /* VtViewController.m */,
				374E95BF17F4760D004518DB /* VtViewController.xib */,
				374E95AB17F4760D004518DB /* Supporting Files */,
				374E95C717F47663004518DB /* VtFirstViewController.h */,
				374E95C817F47663004518DB /* VtFirstViewController.m */,
				374E95C917F47663004518DB /* VtFirstViewController.xib */,
				374E95CC17F4767A004518DB /* VtSecondViewController.h */,
				374E95CD17F4767A004518DB /* VtSecondViewController.m */,
				374E95CE17F4767A004518DB /* VtSecondViewController.xib */,
			);
			path = ViewTransitionSample;
			sourceTree = "<group>";
		};
		374E95AB17F4760D004518DB /* Supporting Files */ = {
			isa = PBXGroup;
			children = (
				374E95AC17F4760D004518DB /* ViewTransitionSample-Info.plist */,
				374E95AD17F4760D004518DB /* InfoPlist.strings */,
				374E95B017F4760D004518DB /* main.m */,
				374E95B217F4760D004518DB /* ViewTransitionSample-Prefix.pch */,
				374E95B617F4760D004518DB /* Default.png */,
				374E95B817F4760D004518DB /* Default@2x.png */,
				374E95BA17F4760D004518DB /* Default-568h@2x.png */,
			);
			name = "Supporting Files";
			sourceTree = "<group>";
		};
/* End PBXGroup section */

/* Begin PBXNativeTarget section */
		374E95A017F4760D004518DB /* ViewTransitionSample */ = {
			isa = PBXNativeTarget;
			buildConfigurationList = 374E95C417F4760D004518DB /* Build configuration list for PBXNativeTarget "ViewTransitionSample" */;
			buildPhases = (
				374E959D17F4760D004518DB /* Sources */,
				374E959E17F4760D004518DB /* Frameworks */,
				374E959F17F4760D004518DB /* Resources */,
			);
			buildRules = (
			);
			dependencies = (
			);
			name = ViewTransitionSample;
			productName = ViewTransitionSample;
			productReference = 374E95A117F4760D004518DB /* ViewTransitionSample.app */;
			productType = "com.apple.product-type.application";
		};
/* End PBXNativeTarget section */

/* Begin PBXProject section */
		374E959917F4760D004518DB /* Project object */ = {
			isa = PBXProject;
			attributes = {
				CLASSPREFIX = Vt;
				LastUpgradeCheck = 0460;
				ORGANIZATIONNAME = code4fun.cn;
			};
			buildConfigurationList = 374E959C17F4760D004518DB /* Build configuration list for PBXProject "ViewTransitionSample" */;
			compatibilityVersion = "Xcode 3.2";
			developmentRegion = English;
			hasScannedForEncodings = 0;
			knownRegions = (
				en,
			);
			mainGroup = 374E959817F4760D004518DB;
			productRefGroup = 374E95A217F4760D004518DB /* Products */;
			projectDirPath = "";
			projectRoot = "";
			targets = (
				374E95A017F4760D004518DB /* ViewTransitionSample */,
			);
		};
/* End PBXProject section */

/* Begin PBXResourcesBuildPhase section */
		374E959F17F4760D004518DB /* Resources */ = {
			isa = PBXResourcesBuildPhase;
			buildActionMask = 2147483647;
			files = (
				374E95AF17F4760D004518DB /* InfoPlist.strings in Resources */,
				374E95B717F4760D004518DB /* Default.png in Resources */,
				374E95B917F4760D004518DB /* Default@2x.png in Resources */,
				374E95BB17F4760D004518DB /* Default-568h@2x.png in Resources */,
				374E95C117F4760D004518DB /* VtViewController.xib in Resources */,
				374E95CB17F47663004518DB /* VtFirstViewController.xib in Resources */,
				374E95D017F4767A004518DB /* VtSecondViewController.xib in Resources */,
			);
			runOnlyForDeploymentPostprocessing = 0;
		};
/* End PBXResourcesBuildPhase section */

/* Begin PBXSourcesBuildPhase section */
		374E959D17F4760D004518DB /* Sources */ = {
			isa = PBXSourcesBuildPhase;
			buildActionMask = 2147483647;
			files = (
				374E95B117F4760D004518DB /* main.m in Sources */,
				374E95B517F4760D004518DB /* VtAppDelegate.m in Sources */,
				374E95BE17F4760D004518DB /* VtViewController.m in Sources */,
				374E95CA17F47663004518DB /* VtFirstViewController.m in Sources */,
				374E95CF17F4767A004518DB /* VtSecondViewController.m in Sources */,
			);
			runOnlyForDeploymentPostprocessing = 0;
		};
/* End PBXSourcesBuildPhase section */

/* Begin PBXVariantGroup section */
		374E95AD17F4760D004518DB /* InfoPlist.strings */ = {
			isa = PBXVariantGroup;
			children = (
				374E95AE17F4760D004518DB /* en */,
			);
			name = InfoPlist.strings;
			sourceTree = "<group>";
		};
		374E95BF17F4760D004518DB /* VtViewController.xib */ = {
			isa = PBXVariantGroup;
			children = (
				374E95C017F4760D004518DB /* en */,
			);
			name = VtViewController.xib;
			sourceTree = "<group>";
		};
/* End PBXVariantGroup section */

/* Begin XCBuildConfiguration section */
		374E95C217F4760D004518DB /* Debug */ = {
			isa = XCBuildConfiguration;
			buildSettings = {
				ALWAYS_SEARCH_USER_PATHS = NO;
				CLANG_CXX_LANGUAGE_STANDARD = "gnu++0x";
				CLANG_CXX_LIBRARY = "libc++";
				CLANG_ENABLE_OBJC_ARC = YES;
				CLANG_WARN_CONSTANT_CONVERSION = YES;
				CLANG_WARN_EMPTY_BODY = YES;
				CLANG_WARN_ENUM_CONVERSION = YES;
				CLANG_WARN_INT_CONVERSION = YES;
				CLANG_WARN__DUPLICATE_METHOD_MATCH = YES;
				"CODE_SIGN_IDENTITY[sdk=iphoneos*]" = "iPhone Developer";
				COPY_PHASE_STRIP = NO;
				GCC_C_LANGUAGE_STANDARD = gnu99;
				GCC_DYNAMIC_NO_PIC = NO;
				GCC_OPTIMIZATION_LEVEL = 0;
				GCC_PREPROCESSOR_DEFINITIONS = (
					"DEBUG=1",
					"$(inherited)",
				);
				GCC_SYMBOLS_PRIVATE_EXTERN = NO;
				GCC_WARN_ABOUT_RETURN_TYPE = YES;
				GCC_WARN_UNINITIALIZED_AUTOS = YES;
				GCC_WARN_UNUSED_VARIABLE = YES;
				IPHONEOS_DEPLOYMENT_TARGET = 6.1;
				ONLY_ACTIVE_ARCH = YES;
				SDKROOT = iphoneos;
			};
			name = Debug;
		};
		374E95C317F4760D004518DB /* Release */ = {
			isa = XCBuildConfiguration;
			buildSettings = {
				ALWAYS_SEARCH_USER_PATHS = NO;
				CLANG_CXX_LANGUAGE_STANDARD = "gnu++0x";
				CLANG_CXX_LIBRARY = "libc++";
				CLANG_ENABLE_OBJC_ARC = YES;
				CLANG_WARN_CONSTANT_CONVERSION = YES;
				CLANG_WARN_EMPTY_BODY = YES;
				CLANG_WARN_ENUM_CONVERSION = YES;
				CLANG_WARN_INT_CONVERSION = YES;
				CLANG_WARN__DUPLICATE_METHOD_MATCH = YES;
				"CODE_SIGN_IDENTITY[sdk=iphoneos*]" = "iPhone Developer";
				COPY_PHASE_STRIP = YES;
				GCC_C_LANGUAGE_STANDARD = gnu99;
				GCC_WARN_ABOUT_RETURN_TYPE = YES;
				GCC_WARN_UNINITIALIZED_AUTOS = YES;
				GCC_WARN_UNUSED_VARIABLE = YES;
				IPHONEOS_DEPLOYMENT_TARGET = 6.1;
				OTHER_CFLAGS = "-DNS_BLOCK_ASSERTIONS=1";
				SDKROOT = iphoneos;
				VALIDATE_PRODUCT = YES;
			};
			name = Release;
		};
		374E95C517F4760D004518DB /* Debug */ = {
			isa = XCBuildConfiguration;
			buildSettings = {
				GCC_PRECOMPILE_PREFIX_HEADER = YES;
				GCC_PREFIX_HEADER = "ViewTransitionSample/ViewTransitionSample-Prefix.pch";
				INFOPLIST_FILE = "ViewTransitionSample/ViewTransitionSample-Info.plist";
				PRODUCT_NAME = "$(TARGET_NAME)";
				WRAPPER_EXTENSION = app;
			};
			name = Debug;
		};
		374E95C617F4760D004518DB /* Release */ = {
			isa = XCBuildConfiguration;
			buildSettings = {
				GCC_PRECOMPILE_PREFIX_HEADER = YES;
				GCC_PREFIX_HEADER = "ViewTransitionSample/ViewTransitionSample-Prefix.pch";
				INFOPLIST_FILE = "ViewTransitionSample/ViewTransitionSample-Info.plist";
				PRODUCT_NAME = "$(TARGET_NAME)";
				WRAPPER_EXTENSION = app;
			};
			name = Release;
		};
/* End XCBuildConfiguration section */

/* Begin XCConfigurationList section */
		374E959C17F4760D004518DB /* Build configuration list for PBXProject "ViewTransitionSample" */ = {
			isa = XCConfigurationList;
			buildConfigurations = (
				374E95C217F4760D004518DB /* Debug */,
				374E95C317F4760D004518DB /* Release */,
			);
			defaultConfigurationIsVisible = 0;
			defaultConfigurationName = Release;
		};
		374E95C417F4760D004518DB /* Build configuration list for PBXNativeTarget "ViewTransitionSample" */ = {
			isa = XCConfigurationList;
			buildConfigurations = (
				374E95C517F4760D004518DB /* Debug */,
				374E95C617F4760D004518DB /* Release */,
			);
			defaultConfigurationIsVisible = 0;
		};
/* End XCConfigurationList section */
	};
	rootObject = 374E959917F4760D004518DB /* Project object */;
}
