// !$*UTF8*$!
{
	archiveVersion = 1;
	classes = {
	};
	objectVersion = 46;
	objects = {

/* Begin PBXBuildFile section */
		7F3EF5901785171200DF4EAE /* UIKit.framework in Frameworks */ = {isa = PBXBuildFile; fileRef = 7F3EF58F1785171200DF4EAE /* UIKit.framework */; };
		7F3EF5921785171200DF4EAE /* Foundation.framework in Frameworks */ = {isa = PBXBuildFile; fileRef = 7F3EF5911785171200DF4EAE /* Foundation.framework */; };
		7F3EF5941785171200DF4EAE /* CoreGraphics.framework in Frameworks */ = {isa = PBXBuildFile; fileRef = 7F3EF5931785171200DF4EAE /* CoreGraphics.framework */; };
		7F3EF59A1785171200DF4EAE /* InfoPlist.strings in Resources */ = {isa = PBXBuildFile; fileRef = 7F3EF5981785171200DF4EAE /* InfoPlist.strings */; };
		7F3EF59C1785171200DF4EAE /* main.m in Sources */ = {isa = PBXBuildFile; fileRef = 7F3EF59B1785171200DF4EAE /* main.m */; };
		7F3EF5A01785171200DF4EAE /* AppDelegate.m in Sources */ = {isa = PBXBuildFile; fileRef = 7F3EF59F1785171200DF4EAE /* AppDelegate.m */; };
		7F3EF5A21785171200DF4EAE /* Default.png in Resources */ = {isa = PBXBuildFile; fileRef = 7F3EF5A11785171200DF4EAE /* Default.png */; };
		7F3EF5A41785171200DF4EAE /* Default@2x.png in Resources */ = {isa = PBXBuildFile; fileRef = 7F3EF5A31785171200DF4EAE /* Default@2x.png */; };
		7F3EF5A61785171200DF4EAE /* Default-568h@2x.png in Resources */ = {isa = PBXBuildFile; fileRef = 7F3EF5A51785171200DF4EAE /* Default-568h@2x.png */; };
		7F3EF5AE1785171200DF4EAE /* SenTestingKit.framework in Frameworks */ = {isa = PBXBuildFile; fileRef = 7F3EF5AD1785171200DF4EAE /* SenTestingKit.framework */; };
		7F3EF5AF1785171200DF4EAE /* UIKit.framework in Frameworks */ = {isa = PBXBuildFile; fileRef = 7F3EF58F1785171200DF4EAE /* UIKit.framework */; };
		7F3EF5B01785171200DF4EAE /* Foundation.framework in Frameworks */ = {isa = PBXBuildFile; fileRef = 7F3EF5911785171200DF4EAE /* Foundation.framework */; };
		7F3EF5B81785171200DF4EAE /* InfoPlist.strings in Resources */ = {isa = PBXBuildFile; fileRef = 7F3EF5B61785171200DF4EAE /* InfoPlist.strings */; };
		7F3EF5BB1785171200DF4EAE /* QuizTests.m in Sources */ = {isa = PBXBuildFile; fileRef = 7F3EF5BA1785171200DF4EAE /* QuizTests.m */; };
/* End PBXBuildFile section */

/* Begin PBXContainerItemProxy section */
		7F3EF5B11785171200DF4EAE /* PBXContainerItemProxy */ = {
			isa = PBXContainerItemProxy;
			containerPortal = 7F3EF5841785171200DF4EAE /* Project object */;
			proxyType = 1;
			remoteGlobalIDString = 7F3EF58B1785171200DF4EAE;
			remoteInfo = Quiz;
		};
/* End PBXContainerItemProxy section */

/* Begin PBXFileReference section */
		7F3EF58C1785171200DF4EAE /* Quiz.app */ = {isa = PBXFileReference; explicitFileType = wrapper.application; includeInIndex = 0; path = Quiz.app; sourceTree = BUILT_PRODUCTS_DIR; };
		7F3EF58F1785171200DF4EAE /* UIKit.framework */ = {isa = PBXFileReference; lastKnownFileType = wrapper.framework; name = UIKit.framework; path = System/Library/Frameworks/UIKit.framework; sourceTree = SDKROOT; };
		7F3EF5911785171200DF4EAE /* Foundation.framework */ = {isa = PBXFileReference; lastKnownFileType = wrapper.framework; name = Foundation.framework; path = System/Library/Frameworks/Foundation.framework; sourceTree = SDKROOT; };
		7F3EF5931785171200DF4EAE /* CoreGraphics.framework */ = {isa = PBXFileReference; lastKnownFileType = wrapper.framework; name = CoreGraphics.framework; path = System/Library/Frameworks/CoreGraphics.framework; sourceTree = SDKROOT; };
		7F3EF5971785171200DF4EAE /* Quiz-Info.plist */ = {isa = PBXFileReference; lastKnownFileType = text.plist.xml; path = "Quiz-Info.plist"; sourceTree = "<group>"; };
		7F3EF5991785171200DF4EAE /* en */ = {isa = PBXFileReference; lastKnownFileType = text.plist.strings; name = en; path = en.lproj/InfoPlist.strings; sourceTree = "<group>"; };
		7F3EF59B1785171200DF4EAE /* main.m */ = {isa = PBXFileReference; lastKnownFileType = sourcecode.c.objc; path = main.m; sourceTree = "<group>"; };
		7F3EF59D1785171200DF4EAE /* Quiz-Prefix.pch */ = {isa = PBXFileReference; lastKnownFileType = sourcecode.c.h; path = "Quiz-Prefix.pch"; sourceTree = "<group>"; };
		7F3EF59E1785171200DF4EAE /* AppDelegate.h */ = {isa = PBXFileReference; lastKnownFileType = sourcecode.c.h; path = AppDelegate.h; sourceTree = "<group>"; };
		7F3EF59F1785171200DF4EAE /* AppDelegate.m */ = {isa = PBXFileReference; lastKnownFileType = sourcecode.c.objc; path = AppDelegate.m; sourceTree = "<group>"; };
		7F3EF5A11785171200DF4EAE /* Default.png */ = {isa = PBXFileReference; lastKnownFileType = image.png; path = Default.png; sourceTree = "<group>"; };
		7F3EF5A31785171200DF4EAE /* Default@2x.png */ = {isa = PBXFileReference; lastKnownFileType = image.png; path = "Default@2x.png"; sourceTree = "<group>"; };
		7F3EF5A51785171200DF4EAE /* Default-568h@2x.png */ = {isa = PBXFileReference; lastKnownFileType = image.png; path = "Default-568h@2x.png"; sourceTree = "<group>"; };
		7F3EF5AC1785171200DF4EAE /* QuizTests.octest */ = {isa = PBXFileReference; explicitFileType = wrapper.cfbundle; includeInIndex = 0; path = QuizTests.octest; sourceTree = BUILT_PRODUCTS_DIR; };
		7F3EF5AD1785171200DF4EAE /* SenTestingKit.framework */ = {isa = PBXFileReference; lastKnownFileType = wrapper.framework; name = SenTestingKit.framework; path = Library/Frameworks/SenTestingKit.framework; sourceTree = DEVELOPER_DIR; };
		7F3EF5B51785171200DF4EAE /* QuizTests-Info.plist */ = {isa = PBXFileReference; lastKnownFileType = text.plist.xml; path = "QuizTests-Info.plist"; sourceTree = "<group>"; };
		7F3EF5B71785171200DF4EAE /* en */ = {isa = PBXFileReference; lastKnownFileType = text.plist.strings; name = en; path = en.lproj/InfoPlist.strings; sourceTree = "<group>"; };
		7F3EF5B91785171200DF4EAE /* QuizTests.h */ = {isa = PBXFileReference; lastKnownFileType = sourcecode.c.h; path = QuizTests.h; sourceTree = "<group>"; };
		7F3EF5BA1785171200DF4EAE /* QuizTests.m */ = {isa = PBXFileReference; lastKnownFileType = sourcecode.c.objc; path = QuizTests.m; sourceTree = "<group>"; };
/* End PBXFileReference section */

/* Begin PBXFrameworksBuildPhase section */
		7F3EF5891785171200DF4EAE /* Frameworks */ = {
			isa = PBXFrameworksBuildPhase;
			buildActionMask = 2147483647;
			files = (
				7F3EF5901785171200DF4EAE /* UIKit.framework in Frameworks */,
				7F3EF5921785171200DF4EAE /* Foundation.framework in Frameworks */,
				7F3EF5941785171200DF4EAE /* CoreGraphics.framework in Frameworks */,
			);
			runOnlyForDeploymentPostprocessing = 0;
		};
		7F3EF5A81785171200DF4EAE /* Frameworks */ = {
			isa = PBXFrameworksBuildPhase;
			buildActionMask = 2147483647;
			files = (
				7F3EF5AE1785171200DF4EAE /* SenTestingKit.framework in Frameworks */,
				7F3EF5AF1785171200DF4EAE /* UIKit.framework in Frameworks */,
				7F3EF5B01785171200DF4EAE /* Foundation.framework in Frameworks */,
			);
			runOnlyForDeploymentPostprocessing = 0;
		};
/* End PBXFrameworksBuildPhase section */

/* Begin PBXGroup section */
		7F3EF5831785171200DF4EAE = {
			isa = PBXGroup;
			children = (
				7F3EF5951785171200DF4EAE /* Quiz */,
				7F3EF5B31785171200DF4EAE /* QuizTests */,
				7F3EF58E1785171200DF4EAE /* Frameworks */,
				7F3EF58D1785171200DF4EAE /* Products */,
			);
			sourceTree = "<group>";
		};
		7F3EF58D1785171200DF4EAE /* Products */ = {
			isa = PBXGroup;
			children = (
				7F3EF58C1785171200DF4EAE /* Quiz.app */,
				7F3EF5AC1785171200DF4EAE /* QuizTests.octest */,
			);
			name = Products;
			sourceTree = "<group>";
		};
		7F3EF58E1785171200DF4EAE /* Frameworks */ = {
			isa = PBXGroup;
			children = (
				7F3EF58F1785171200DF4EAE /* UIKit.framework */,
				7F3EF5911785171200DF4EAE /* Foundation.framework */,
				7F3EF5931785171200DF4EAE /* CoreGraphics.framework */,
				7F3EF5AD1785171200DF4EAE /* SenTestingKit.framework */,
			);
			name = Frameworks;
			sourceTree = "<group>";
		};
		7F3EF5951785171200DF4EAE /* Quiz */ = {
			isa = PBXGroup;
			children = (
				7F3EF59E1785171200DF4EAE /* AppDelegate.h */,
				7F3EF59F1785171200DF4EAE /* AppDelegate.m */,
				7F3EF5961785171200DF4EAE /* Supporting Files */,
			);
			path = Quiz;
			sourceTree = "<group>";
		};
		7F3EF5961785171200DF4EAE /* Supporting Files */ = {
			isa = PBXGroup;
			children = (
				7F3EF5971785171200DF4EAE /* Quiz-Info.plist */,
				7F3EF5981785171200DF4EAE /* InfoPlist.strings */,
				7F3EF59B1785171200DF4EAE /* main.m */,
				7F3EF59D1785171200DF4EAE /* Quiz-Prefix.pch */,
				7F3EF5A11785171200DF4EAE /* Default.png */,
				7F3EF5A31785171200DF4EAE /* Default@2x.png */,
				7F3EF5A51785171200DF4EAE /* Default-568h@2x.png */,
			);
			name = "Supporting Files";
			sourceTree = "<group>";
		};
		7F3EF5B31785171200DF4EAE /* QuizTests */ = {
			isa = PBXGroup;
			children = (
				7F3EF5B91785171200DF4EAE /* QuizTests.h */,
				7F3EF5BA1785171200DF4EAE /* QuizTests.m */,
				7F3EF5B41785171200DF4EAE /* Supporting Files */,
			);
			path = QuizTests;
			sourceTree = "<group>";
		};
		7F3EF5B41785171200DF4EAE /* Supporting Files */ = {
			isa = PBXGroup;
			children = (
				7F3EF5B51785171200DF4EAE /* QuizTests-Info.plist */,
				7F3EF5B61785171200DF4EAE /* InfoPlist.strings */,
			);
			name = "Supporting Files";
			sourceTree = "<group>";
		};
/* End PBXGroup section */

/* Begin PBXNativeTarget section */
		7F3EF58B1785171200DF4EAE /* Quiz */ = {
			isa = PBXNativeTarget;
			buildConfigurationList = 7F3EF5BE1785171200DF4EAE /* Build configuration list for PBXNativeTarget "Quiz" */;
			buildPhases = (
				7F3EF5881785171200DF4EAE /* Sources */,
				7F3EF5891785171200DF4EAE /* Frameworks */,
				7F3EF58A1785171200DF4EAE /* Resources */,
			);
			buildRules = (
			);
			dependencies = (
			);
			name = Quiz;
			productName = Quiz;
			productReference = 7F3EF58C1785171200DF4EAE /* Quiz.app */;
			productType = "com.apple.product-type.application";
		};
		7F3EF5AB1785171200DF4EAE /* QuizTests */ = {
			isa = PBXNativeTarget;
			buildConfigurationList = 7F3EF5C11785171200DF4EAE /* Build configuration list for PBXNativeTarget "QuizTests" */;
			buildPhases = (
				7F3EF5A71785171200DF4EAE /* Sources */,
				7F3EF5A81785171200DF4EAE /* Frameworks */,
				7F3EF5A91785171200DF4EAE /* Resources */,
				7F3EF5AA1785171200DF4EAE /* ShellScript */,
			);
			buildRules = (
			);
			dependencies = (
				7F3EF5B21785171200DF4EAE /* PBXTargetDependency */,
			);
			name = QuizTests;
			productName = QuizTests;
			productReference = 7F3EF5AC1785171200DF4EAE /* QuizTests.octest */;
			productType = "com.apple.product-type.bundle";
		};
/* End PBXNativeTarget section */

/* Begin PBXProject section */
		7F3EF5841785171200DF4EAE /* Project object */ = {
			isa = PBXProject;
			attributes = {
				LastUpgradeCheck = 0460;
				ORGANIZATIONNAME = Zhengmin.li;
			};
			buildConfigurationList = 7F3EF5871785171200DF4EAE /* Build configuration list for PBXProject "Quiz" */;
			compatibilityVersion = "Xcode 3.2";
			developmentRegion = English;
			hasScannedForEncodings = 0;
			knownRegions = (
				en,
			);
			mainGroup = 7F3EF5831785171200DF4EAE;
			productRefGroup = 7F3EF58D1785171200DF4EAE /* Products */;
			projectDirPath = "";
			projectRoot = "";
			targets = (
				7F3EF58B1785171200DF4EAE /* Quiz */,
				7F3EF5AB1785171200DF4EAE /* QuizTests */,
			);
		};
/* End PBXProject section */

/* Begin PBXResourcesBuildPhase section */
		7F3EF58A1785171200DF4EAE /* Resources */ = {
			isa = PBXResourcesBuildPhase;
			buildActionMask = 2147483647;
			files = (
				7F3EF59A1785171200DF4EAE /* InfoPlist.strings in Resources */,
				7F3EF5A21785171200DF4EAE /* Default.png in Resources */,
				7F3EF5A41785171200DF4EAE /* Default@2x.png in Resources */,
				7F3EF5A61785171200DF4EAE /* Default-568h@2x.png in Resources */,
			);
			runOnlyForDeploymentPostprocessing = 0;
		};
		7F3EF5A91785171200DF4EAE /* Resources */ = {
			isa = PBXResourcesBuildPhase;
			buildActionMask = 2147483647;
			files = (
				7F3EF5B81785171200DF4EAE /* InfoPlist.strings in Resources */,
			);
			runOnlyForDeploymentPostprocessing = 0;
		};
/* End PBXResourcesBuildPhase section */

/* Begin PBXShellScriptBuildPhase section */
		7F3EF5AA1785171200DF4EAE /* ShellScript */ = {
			isa = PBXShellScriptBuildPhase;
			buildActionMask = 2147483647;
			files = (
			);
			inputPaths = (
			);
			outputPaths = (
			);
			runOnlyForDeploymentPostprocessing = 0;
			shellPath = /bin/sh;
			shellScript = "# Run the unit tests in this test bundle.\n\"${SYSTEM_DEVELOPER_DIR}/Tools/RunUnitTests\"\n";
		};
/* End PBXShellScriptBuildPhase section */

/* Begin PBXSourcesBuildPhase section */
		7F3EF5881785171200DF4EAE /* Sources */ = {
			isa = PBXSourcesBuildPhase;
			buildActionMask = 2147483647;
			files = (
				7F3EF59C1785171200DF4EAE /* main.m in Sources */,
				7F3EF5A01785171200DF4EAE /* AppDelegate.m in Sources */,
			);
			runOnlyForDeploymentPostprocessing = 0;
		};
		7F3EF5A71785171200DF4EAE /* Sources */ = {
			isa = PBXSourcesBuildPhase;
			buildActionMask = 2147483647;
			files = (
				7F3EF5BB1785171200DF4EAE /* QuizTests.m in Sources */,
			);
			runOnlyForDeploymentPostprocessing = 0;
		};
/* End PBXSourcesBuildPhase section */

/* Begin PBXTargetDependency section */
		7F3EF5B21785171200DF4EAE /* PBXTargetDependency */ = {
			isa = PBXTargetDependency;
			target = 7F3EF58B1785171200DF4EAE /* Quiz */;
			targetProxy = 7F3EF5B11785171200DF4EAE /* PBXContainerItemProxy */;
		};
/* End PBXTargetDependency section */

/* Begin PBXVariantGroup section */
		7F3EF5981785171200DF4EAE /* InfoPlist.strings */ = {
			isa = PBXVariantGroup;
			children = (
				7F3EF5991785171200DF4EAE /* en */,
			);
			name = InfoPlist.strings;
			sourceTree = "<group>";
		};
		7F3EF5B61785171200DF4EAE /* InfoPlist.strings */ = {
			isa = PBXVariantGroup;
			children = (
				7F3EF5B71785171200DF4EAE /* en */,
			);
			name = InfoPlist.strings;
			sourceTree = "<group>";
		};
/* End PBXVariantGroup section */

/* Begin XCBuildConfiguration section */
		7F3EF5BC1785171200DF4EAE /* Debug */ = {
			isa = XCBuildConfiguration;
			buildSettings = {
				ALWAYS_SEARCH_USER_PATHS = NO;
				CLANG_CXX_LANGUAGE_STANDARD = "gnu++0x";
				CLANG_CXX_LIBRARY = "libc++";
				CLANG_ENABLE_OBJC_ARC = YES;
				CLANG_WARN_CONSTANT_CONVERSION = YES;
				CLANG_WARN_EMPTY_BODY = YES;
				CLANG_WARN_ENUM_CONVERSION = YES;
				CLANG_WARN_INT_CONVERSION = YES;
				CLANG_WARN__DUPLICATE_METHOD_MATCH = YES;
				"CODE_SIGN_IDENTITY[sdk=iphoneos*]" = "iPhone Developer";
				COPY_PHASE_STRIP = NO;
				GCC_C_LANGUAGE_STANDARD = gnu99;
				GCC_DYNAMIC_NO_PIC = NO;
				GCC_OPTIMIZATION_LEVEL = 0;
				GCC_PREPROCESSOR_DEFINITIONS = (
					"DEBUG=1",
					"$(inherited)",
				);
				GCC_SYMBOLS_PRIVATE_EXTERN = NO;
				GCC_WARN_ABOUT_RETURN_TYPE = YES;
				GCC_WARN_UNINITIALIZED_AUTOS = YES;
				GCC_WARN_UNUSED_VARIABLE = YES;
				IPHONEOS_DEPLOYMENT_TARGET = 6.1;
				ONLY_ACTIVE_ARCH = YES;
				SDKROOT = iphoneos;
				TARGETED_DEVICE_FAMILY = "1,2";
			};
			name = Debug;
		};
		7F3EF5BD1785171200DF4EAE /* Release */ = {
			isa = XCBuildConfiguration;
			buildSettings = {
				ALWAYS_SEARCH_USER_PATHS = NO;
				CLANG_CXX_LANGUAGE_STANDARD = "gnu++0x";
				CLANG_CXX_LIBRARY = "libc++";
				CLANG_ENABLE_OBJC_ARC = YES;
				CLANG_WARN_CONSTANT_CONVERSION = YES;
				CLANG_WARN_EMPTY_BODY = YES;
				CLANG_WARN_ENUM_CONVERSION = YES;
				CLANG_WARN_INT_CONVERSION = YES;
				CLANG_WARN__DUPLICATE_METHOD_MATCH = YES;
				"CODE_SIGN_IDENTITY[sdk=iphoneos*]" = "iPhone Developer";
				COPY_PHASE_STRIP = YES;
				GCC_C_LANGUAGE_STANDARD = gnu99;
				GCC_WARN_ABOUT_RETURN_TYPE = YES;
				GCC_WARN_UNINITIALIZED_AUTOS = YES;
				GCC_WARN_UNUSED_VARIABLE = YES;
				IPHONEOS_DEPLOYMENT_TARGET = 6.1;
				OTHER_CFLAGS = "-DNS_BLOCK_ASSERTIONS=1";
				SDKROOT = iphoneos;
				TARGETED_DEVICE_FAMILY = "1,2";
				VALIDATE_PRODUCT = YES;
			};
			name = Release;
		};
		7F3EF5BF1785171200DF4EAE /* Debug */ = {
			isa = XCBuildConfiguration;
			buildSettings = {
				GCC_PRECOMPILE_PREFIX_HEADER = YES;
				GCC_PREFIX_HEADER = "Quiz/Quiz-Prefix.pch";
				INFOPLIST_FILE = "Quiz/Quiz-Info.plist";
				PRODUCT_NAME = "$(TARGET_NAME)";
				TARGETED_DEVICE_FAMILY = 1;
				WRAPPER_EXTENSION = app;
			};
			name = Debug;
		};
		7F3EF5C01785171200DF4EAE /* Release */ = {
			isa = XCBuildConfiguration;
			buildSettings = {
				GCC_PRECOMPILE_PREFIX_HEADER = YES;
				GCC_PREFIX_HEADER = "Quiz/Quiz-Prefix.pch";
				INFOPLIST_FILE = "Quiz/Quiz-Info.plist";
				PRODUCT_NAME = "$(TARGET_NAME)";
				TARGETED_DEVICE_FAMILY = 1;
				WRAPPER_EXTENSION = app;
			};
			name = Release;
		};
		7F3EF5C21785171200DF4EAE /* Debug */ = {
			isa = XCBuildConfiguration;
			buildSettings = {
				BUNDLE_LOADER = "$(BUILT_PRODUCTS_DIR)/Quiz.app/Quiz";
				FRAMEWORK_SEARCH_PATHS = (
					"\"$(SDKROOT)/Developer/Library/Frameworks\"",
					"\"$(DEVELOPER_LIBRARY_DIR)/Frameworks\"",
				);
				GCC_PRECOMPILE_PREFIX_HEADER = YES;
				GCC_PREFIX_HEADER = "Quiz/Quiz-Prefix.pch";
				INFOPLIST_FILE = "QuizTests/QuizTests-Info.plist";
				PRODUCT_NAME = "$(TARGET_NAME)";
				TEST_HOST = "$(BUNDLE_LOADER)";
				WRAPPER_EXTENSION = octest;
			};
			name = Debug;
		};
		7F3EF5C31785171200DF4EAE /* Release */ = {
			isa = XCBuildConfiguration;
			buildSettings = {
				BUNDLE_LOADER = "$(BUILT_PRODUCTS_DIR)/Quiz.app/Quiz";
				FRAMEWORK_SEARCH_PATHS = (
					"\"$(SDKROOT)/Developer/Library/Frameworks\"",
					"\"$(DEVELOPER_LIBRARY_DIR)/Frameworks\"",
				);
				GCC_PRECOMPILE_PREFIX_HEADER = YES;
				GCC_PREFIX_HEADER = "Quiz/Quiz-Prefix.pch";
				INFOPLIST_FILE = "QuizTests/QuizTests-Info.plist";
				PRODUCT_NAME = "$(TARGET_NAME)";
				TEST_HOST = "$(BUNDLE_LOADER)";
				WRAPPER_EXTENSION = octest;
			};
			name = Release;
		};
/* End XCBuildConfiguration section */

/* Begin XCConfigurationList section */
		7F3EF5871785171200DF4EAE /* Build configuration list for PBXProject "Quiz" */ = {
			isa = XCConfigurationList;
			buildConfigurations = (
				7F3EF5BC1785171200DF4EAE /* Debug */,
				7F3EF5BD1785171200DF4EAE /* Release */,
			);
			defaultConfigurationIsVisible = 0;
			defaultConfigurationName = Release;
		};
		7F3EF5BE1785171200DF4EAE /* Build configuration list for PBXNativeTarget "Quiz" */ = {
			isa = XCConfigurationList;
			buildConfigurations = (
				7F3EF5BF1785171200DF4EAE /* Debug */,
				7F3EF5C01785171200DF4EAE /* Release */,
			);
			defaultConfigurationIsVisible = 0;
		};
		7F3EF5C11785171200DF4EAE /* Build configuration list for PBXNativeTarget "QuizTests" */ = {
			isa = XCConfigurationList;
			buildConfigurations = (
				7F3EF5C21785171200DF4EAE /* Debug */,
				7F3EF5C31785171200DF4EAE /* Release */,
			);
			defaultConfigurationIsVisible = 0;
		};
/* End XCConfigurationList section */
	};
	rootObject = 7F3EF5841785171200DF4EAE /* Project object */;
}
