// !$*UTF8*$!
{
	archiveVersion = 1;
	classes = {
	};
	objectVersion = 46;
	objects = {

/* Begin PBXBuildFile section */
		3759C62317865EBF00A74F87 /* UIKit.framework in Frameworks */ = {isa = PBXBuildFile; fileRef = 3759C62217865EBF00A74F87 /* UIKit.framework */; };
		3759C62517865EBF00A74F87 /* Foundation.framework in Frameworks */ = {isa = PBXBuildFile; fileRef = 3759C62417865EBF00A74F87 /* Foundation.framework */; };
		3759C62717865EBF00A74F87 /* CoreGraphics.framework in Frameworks */ = {isa = PBXBuildFile; fileRef = 3759C62617865EBF00A74F87 /* CoreGraphics.framework */; };
		3759C62D17865EBF00A74F87 /* InfoPlist.strings in Resources */ = {isa = PBXBuildFile; fileRef = 3759C62B17865EBF00A74F87 /* InfoPlist.strings */; };
		3759C62F17865EBF00A74F87 /* main.m in Sources */ = {isa = PBXBuildFile; fileRef = 3759C62E17865EBF00A74F87 /* main.m */; };
		3759C63317865EBF00A74F87 /* QuizAppDelegate.m in Sources */ = {isa = PBXBuildFile; fileRef = 3759C63217865EBF00A74F87 /* QuizAppDelegate.m */; };
		3759C63517865EBF00A74F87 /* Default.png in Resources */ = {isa = PBXBuildFile; fileRef = 3759C63417865EBF00A74F87 /* Default.png */; };
		3759C63717865EBF00A74F87 /* Default@2x.png in Resources */ = {isa = PBXBuildFile; fileRef = 3759C63617865EBF00A74F87 /* Default@2x.png */; };
		3759C63917865EBF00A74F87 /* Default-568h@2x.png in Resources */ = {isa = PBXBuildFile; fileRef = 3759C63817865EBF00A74F87 /* Default-568h@2x.png */; };
		3759C63C17865EBF00A74F87 /* QuizViewController.m in Sources */ = {isa = PBXBuildFile; fileRef = 3759C63B17865EBF00A74F87 /* QuizViewController.m */; };
		3759C63F17865EBF00A74F87 /* QuizViewController.xib in Resources */ = {isa = PBXBuildFile; fileRef = 3759C63D17865EBF00A74F87 /* QuizViewController.xib */; };
/* End PBXBuildFile section */

/* Begin PBXFileReference section */
		3759C61F17865EBF00A74F87 /* Quiz.app */ = {isa = PBXFileReference; explicitFileType = wrapper.application; includeInIndex = 0; path = Quiz.app; sourceTree = BUILT_PRODUCTS_DIR; };
		3759C62217865EBF00A74F87 /* UIKit.framework */ = {isa = PBXFileReference; lastKnownFileType = wrapper.framework; name = UIKit.framework; path = System/Library/Frameworks/UIKit.framework; sourceTree = SDKROOT; };
		3759C62417865EBF00A74F87 /* Foundation.framework */ = {isa = PBXFileReference; lastKnownFileType = wrapper.framework; name = Foundation.framework; path = System/Library/Frameworks/Foundation.framework; sourceTree = SDKROOT; };
		3759C62617865EBF00A74F87 /* CoreGraphics.framework */ = {isa = PBXFileReference; lastKnownFileType = wrapper.framework; name = CoreGraphics.framework; path = System/Library/Frameworks/CoreGraphics.framework; sourceTree = SDKROOT; };
		3759C62A17865EBF00A74F87 /* Quiz-Info.plist */ = {isa = PBXFileReference; lastKnownFileType = text.plist.xml; path = "Quiz-Info.plist"; sourceTree = "<group>"; };
		3759C62C17865EBF00A74F87 /* en */ = {isa = PBXFileReference; lastKnownFileType = text.plist.strings; name = en; path = en.lproj/InfoPlist.strings; sourceTree = "<group>"; };
		3759C62E17865EBF00A74F87 /* main.m */ = {isa = PBXFileReference; lastKnownFileType = sourcecode.c.objc; path = main.m; sourceTree = "<group>"; };
		3759C63017865EBF00A74F87 /* Quiz-Prefix.pch */ = {isa = PBXFileReference; lastKnownFileType = sourcecode.c.h; path = "Quiz-Prefix.pch"; sourceTree = "<group>"; };
		3759C63117865EBF00A74F87 /* QuizAppDelegate.h */ = {isa = PBXFileReference; lastKnownFileType = sourcecode.c.h; path = QuizAppDelegate.h; sourceTree = "<group>"; };
		3759C63217865EBF00A74F87 /* QuizAppDelegate.m */ = {isa = PBXFileReference; lastKnownFileType = sourcecode.c.objc; path = QuizAppDelegate.m; sourceTree = "<group>"; };
		3759C63417865EBF00A74F87 /* Default.png */ = {isa = PBXFileReference; lastKnownFileType = image.png; path = Default.png; sourceTree = "<group>"; };
		3759C63617865EBF00A74F87 /* Default@2x.png */ = {isa = PBXFileReference; lastKnownFileType = image.png; path = "Default@2x.png"; sourceTree = "<group>"; };
		3759C63817865EBF00A74F87 /* Default-568h@2x.png */ = {isa = PBXFileReference; lastKnownFileType = image.png; path = "Default-568h@2x.png"; sourceTree = "<group>"; };
		3759C63A17865EBF00A74F87 /* QuizViewController.h */ = {isa = PBXFileReference; lastKnownFileType = sourcecode.c.h; path = QuizViewController.h; sourceTree = "<group>"; };
		3759C63B17865EBF00A74F87 /* QuizViewController.m */ = {isa = PBXFileReference; lastKnownFileType = sourcecode.c.objc; path = QuizViewController.m; sourceTree = "<group>"; };
		3759C63E17865EBF00A74F87 /* en */ = {isa = PBXFileReference; lastKnownFileType = file.xib; name = en; path = en.lproj/QuizViewController.xib; sourceTree = "<group>"; };
/* End PBXFileReference section */

/* Begin PBXFrameworksBuildPhase section */
		3759C61C17865EBF00A74F87 /* Frameworks */ = {
			isa = PBXFrameworksBuildPhase;
			buildActionMask = 2147483647;
			files = (
				3759C62317865EBF00A74F87 /* UIKit.framework in Frameworks */,
				3759C62517865EBF00A74F87 /* Foundation.framework in Frameworks */,
				3759C62717865EBF00A74F87 /* CoreGraphics.framework in Frameworks */,
			);
			runOnlyForDeploymentPostprocessing = 0;
		};
/* End PBXFrameworksBuildPhase section */

/* Begin PBXGroup section */
		3759C61617865EBF00A74F87 = {
			isa = PBXGroup;
			children = (
				3759C62817865EBF00A74F87 /* Quiz */,
				3759C62117865EBF00A74F87 /* Frameworks */,
				3759C62017865EBF00A74F87 /* Products */,
			);
			sourceTree = "<group>";
		};
		3759C62017865EBF00A74F87 /* Products */ = {
			isa = PBXGroup;
			children = (
				3759C61F17865EBF00A74F87 /* Quiz.app */,
			);
			name = Products;
			sourceTree = "<group>";
		};
		3759C62117865EBF00A74F87 /* Frameworks */ = {
			isa = PBXGroup;
			children = (
				3759C62217865EBF00A74F87 /* UIKit.framework */,
				3759C62417865EBF00A74F87 /* Foundation.framework */,
				3759C62617865EBF00A74F87 /* CoreGraphics.framework */,
			);
			name = Frameworks;
			sourceTree = "<group>";
		};
		3759C62817865EBF00A74F87 /* Quiz */ = {
			isa = PBXGroup;
			children = (
				3759C63117865EBF00A74F87 /* QuizAppDelegate.h */,
				3759C63217865EBF00A74F87 /* QuizAppDelegate.m */,
				3759C63A17865EBF00A74F87 /* QuizViewController.h */,
				3759C63B17865EBF00A74F87 /* QuizViewController.m */,
				3759C63D17865EBF00A74F87 /* QuizViewController.xib */,
				3759C62917865EBF00A74F87 /* Supporting Files */,
			);
			path = Quiz;
			sourceTree = "<group>";
		};
		3759C62917865EBF00A74F87 /* Supporting Files */ = {
			isa = PBXGroup;
			children = (
				3759C62A17865EBF00A74F87 /* Quiz-Info.plist */,
				3759C62B17865EBF00A74F87 /* InfoPlist.strings */,
				3759C62E17865EBF00A74F87 /* main.m */,
				3759C63017865EBF00A74F87 /* Quiz-Prefix.pch */,
				3759C63417865EBF00A74F87 /* Default.png */,
				3759C63617865EBF00A74F87 /* Default@2x.png */,
				3759C63817865EBF00A74F87 /* Default-568h@2x.png */,
			);
			name = "Supporting Files";
			sourceTree = "<group>";
		};
/* End PBXGroup section */

/* Begin PBXNativeTarget section */
		3759C61E17865EBF00A74F87 /* Quiz */ = {
			isa = PBXNativeTarget;
			buildConfigurationList = 3759C64217865EBF00A74F87 /* Build configuration list for PBXNativeTarget "Quiz" */;
			buildPhases = (
				3759C61B17865EBF00A74F87 /* Sources */,
				3759C61C17865EBF00A74F87 /* Frameworks */,
				3759C61D17865EBF00A74F87 /* Resources */,
			);
			buildRules = (
			);
			dependencies = (
			);
			name = Quiz;
			productName = Quiz;
			productReference = 3759C61F17865EBF00A74F87 /* Quiz.app */;
			productType = "com.apple.product-type.application";
		};
/* End PBXNativeTarget section */

/* Begin PBXProject section */
		3759C61717865EBF00A74F87 /* Project object */ = {
			isa = PBXProject;
			attributes = {
				CLASSPREFIX = Quiz;
				LastUpgradeCheck = 0460;
				ORGANIZATIONNAME = Hsee.com;
			};
			buildConfigurationList = 3759C61A17865EBF00A74F87 /* Build configuration list for PBXProject "Quiz" */;
			compatibilityVersion = "Xcode 3.2";
			developmentRegion = English;
			hasScannedForEncodings = 0;
			knownRegions = (
				en,
			);
			mainGroup = 3759C61617865EBF00A74F87;
			productRefGroup = 3759C62017865EBF00A74F87 /* Products */;
			projectDirPath = "";
			projectRoot = "";
			targets = (
				3759C61E17865EBF00A74F87 /* Quiz */,
			);
		};
/* End PBXProject section */

/* Begin PBXResourcesBuildPhase section */
		3759C61D17865EBF00A74F87 /* Resources */ = {
			isa = PBXResourcesBuildPhase;
			buildActionMask = 2147483647;
			files = (
				3759C62D17865EBF00A74F87 /* InfoPlist.strings in Resources */,
				3759C63517865EBF00A74F87 /* Default.png in Resources */,
				3759C63717865EBF00A74F87 /* Default@2x.png in Resources */,
				3759C63917865EBF00A74F87 /* Default-568h@2x.png in Resources */,
				3759C63F17865EBF00A74F87 /* QuizViewController.xib in Resources */,
			);
			runOnlyForDeploymentPostprocessing = 0;
		};
/* End PBXResourcesBuildPhase section */

/* Begin PBXSourcesBuildPhase section */
		3759C61B17865EBF00A74F87 /* Sources */ = {
			isa = PBXSourcesBuildPhase;
			buildActionMask = 2147483647;
			files = (
				3759C62F17865EBF00A74F87 /* main.m in Sources */,
				3759C63317865EBF00A74F87 /* QuizAppDelegate.m in Sources */,
				3759C63C17865EBF00A74F87 /* QuizViewController.m in Sources */,
			);
			runOnlyForDeploymentPostprocessing = 0;
		};
/* End PBXSourcesBuildPhase section */

/* Begin PBXVariantGroup section */
		3759C62B17865EBF00A74F87 /* InfoPlist.strings */ = {
			isa = PBXVariantGroup;
			children = (
				3759C62C17865EBF00A74F87 /* en */,
			);
			name = InfoPlist.strings;
			sourceTree = "<group>";
		};
		3759C63D17865EBF00A74F87 /* QuizViewController.xib */ = {
			isa = PBXVariantGroup;
			children = (
				3759C63E17865EBF00A74F87 /* en */,
			);
			name = QuizViewController.xib;
			sourceTree = "<group>";
		};
/* End PBXVariantGroup section */

/* Begin XCBuildConfiguration section */
		3759C64017865EBF00A74F87 /* Debug */ = {
			isa = XCBuildConfiguration;
			buildSettings = {
				ALWAYS_SEARCH_USER_PATHS = NO;
				CLANG_CXX_LANGUAGE_STANDARD = "gnu++0x";
				CLANG_CXX_LIBRARY = "libc++";
				CLANG_ENABLE_OBJC_ARC = YES;
				CLANG_WARN_CONSTANT_CONVERSION = YES;
				CLANG_WARN_EMPTY_BODY = YES;
				CLANG_WARN_ENUM_CONVERSION = YES;
				CLANG_WARN_INT_CONVERSION = YES;
				CLANG_WARN__DUPLICATE_METHOD_MATCH = YES;
				"CODE_SIGN_IDENTITY[sdk=iphoneos*]" = "iPhone Developer";
				COPY_PHASE_STRIP = NO;
				GCC_C_LANGUAGE_STANDARD = gnu99;
				GCC_DYNAMIC_NO_PIC = NO;
				GCC_OPTIMIZATION_LEVEL = 0;
				GCC_PREPROCESSOR_DEFINITIONS = (
					"DEBUG=1",
					"$(inherited)",
				);
				GCC_SYMBOLS_PRIVATE_EXTERN = NO;
				GCC_WARN_ABOUT_RETURN_TYPE = YES;
				GCC_WARN_UNINITIALIZED_AUTOS = YES;
				GCC_WARN_UNUSED_VARIABLE = YES;
				IPHONEOS_DEPLOYMENT_TARGET = 6.1;
				ONLY_ACTIVE_ARCH = YES;
				SDKROOT = iphoneos;
			};
			name = Debug;
		};
		3759C64117865EBF00A74F87 /* Release */ = {
			isa = XCBuildConfiguration;
			buildSettings = {
				ALWAYS_SEARCH_USER_PATHS = NO;
				CLANG_CXX_LANGUAGE_STANDARD = "gnu++0x";
				CLANG_CXX_LIBRARY = "libc++";
				CLANG_ENABLE_OBJC_ARC = YES;
				CLANG_WARN_CONSTANT_CONVERSION = YES;
				CLANG_WARN_EMPTY_BODY = YES;
				CLANG_WARN_ENUM_CONVERSION = YES;
				CLANG_WARN_INT_CONVERSION = YES;
				CLANG_WARN__DUPLICATE_METHOD_MATCH = YES;
				"CODE_SIGN_IDENTITY[sdk=iphoneos*]" = "iPhone Developer";
				COPY_PHASE_STRIP = YES;
				GCC_C_LANGUAGE_STANDARD = gnu99;
				GCC_WARN_ABOUT_RETURN_TYPE = YES;
				GCC_WARN_UNINITIALIZED_AUTOS = YES;
				GCC_WARN_UNUSED_VARIABLE = YES;
				IPHONEOS_DEPLOYMENT_TARGET = 6.1;
				OTHER_CFLAGS = "-DNS_BLOCK_ASSERTIONS=1";
				SDKROOT = iphoneos;
				VALIDATE_PRODUCT = YES;
			};
			name = Release;
		};
		3759C64317865EBF00A74F87 /* Debug */ = {
			isa = XCBuildConfiguration;
			buildSettings = {
				GCC_PRECOMPILE_PREFIX_HEADER = YES;
				GCC_PREFIX_HEADER = "Quiz/Quiz-Prefix.pch";
				INFOPLIST_FILE = "Quiz/Quiz-Info.plist";
				PRODUCT_NAME = "$(TARGET_NAME)";
				WRAPPER_EXTENSION = app;
			};
			name = Debug;
		};
		3759C64417865EBF00A74F87 /* Release */ = {
			isa = XCBuildConfiguration;
			buildSettings = {
				GCC_PRECOMPILE_PREFIX_HEADER = YES;
				GCC_PREFIX_HEADER = "Quiz/Quiz-Prefix.pch";
				INFOPLIST_FILE = "Quiz/Quiz-Info.plist";
				PRODUCT_NAME = "$(TARGET_NAME)";
				WRAPPER_EXTENSION = app;
			};
			name = Release;
		};
/* End XCBuildConfiguration section */

/* Begin XCConfigurationList section */
		3759C61A17865EBF00A74F87 /* Build configuration list for PBXProject "Quiz" */ = {
			isa = XCConfigurationList;
			buildConfigurations = (
				3759C64017865EBF00A74F87 /* Debug */,
				3759C64117865EBF00A74F87 /* Release */,
			);
			defaultConfigurationIsVisible = 0;
			defaultConfigurationName = Release;
		};
		3759C64217865EBF00A74F87 /* Build configuration list for PBXNativeTarget "Quiz" */ = {
			isa = XCConfigurationList;
			buildConfigurations = (
				3759C64317865EBF00A74F87 /* Debug */,
				3759C64417865EBF00A74F87 /* Release */,
			);
			defaultConfigurationIsVisible = 0;
		};
/* End XCConfigurationList section */
	};
	rootObject = 3759C61717865EBF00A74F87 /* Project object */;
}
